// !$*UTF8*$!
{
	archiveVersion = 1;
	classes = {
	};
	objectVersion = 56;
	objects = {

/* Begin PBXBuildFile section */
		F70959F92AFE191900F0218B /* AppDelegate.swift in Sources */ = {isa = PBXBuildFile; fileRef = F70959F82AFE191900F0218B /* AppDelegate.swift */; };
		F70959FB2AFE191900F0218B /* SceneDelegate.swift in Sources */ = {isa = PBXBuildFile; fileRef = F70959FA2AFE191900F0218B /* SceneDelegate.swift */; };
		F7095A022AFE191A00F0218B /* Assets.xcassets in Resources */ = {isa = PBXBuildFile; fileRef = F7095A012AFE191A00F0218B /* Assets.xcassets */; };
		F7095A052AFE191A00F0218B /* LaunchScreen.storyboard in Resources */ = {isa = PBXBuildFile; fileRef = F7095A032AFE191A00F0218B /* LaunchScreen.storyboard */; };
		F7095A0E2AFE1A0A00F0218B /* .gitignore in Resources */ = {isa = PBXBuildFile; fileRef = F7095A0D2AFE1A0A00F0218B /* .gitignore */; };
		F7095A102AFE1A6600F0218B /* APIKey.swift in Sources */ = {isa = PBXBuildFile; fileRef = F7095A0F2AFE1A6600F0218B /* APIKey.swift */; };
		F7095A172AFE37B200F0218B /* SnapKit in Frameworks */ = {isa = PBXBuildFile; productRef = F7095A162AFE37B200F0218B /* SnapKit */; };
		F7095A1A2AFE3B0700F0218B /* JoinButton.swift in Sources */ = {isa = PBXBuildFile; fileRef = F7095A192AFE3B0700F0218B /* JoinButton.swift */; };
		F7095A232AFE3CC100F0218B /* SignInViewController.swift in Sources */ = {isa = PBXBuildFile; fileRef = F7095A222AFE3CC100F0218B /* SignInViewController.swift */; };
		F7095A252AFE3CFC00F0218B /* SignUpViewController.swift in Sources */ = {isa = PBXBuildFile; fileRef = F7095A242AFE3CFC00F0218B /* SignUpViewController.swift */; };
		F7095A2A2AFE3DE600F0218B /* Extension+UIViewController.swift in Sources */ = {isa = PBXBuildFile; fileRef = F7095A292AFE3DE600F0218B /* Extension+UIViewController.swift */; };
		F7095A2D2AFE3EAC00F0218B /* RxCocoa in Frameworks */ = {isa = PBXBuildFile; productRef = F7095A2C2AFE3EAC00F0218B /* RxCocoa */; };
		F7095A2F2AFE3EAC00F0218B /* RxSwift in Frameworks */ = {isa = PBXBuildFile; productRef = F7095A2E2AFE3EAC00F0218B /* RxSwift */; };
		F7095A312AFE513A00F0218B /* SignUpView.swift in Sources */ = {isa = PBXBuildFile; fileRef = F7095A302AFE513A00F0218B /* SignUpView.swift */; };
		F7095A332AFE514300F0218B /* SignInView.swift in Sources */ = {isa = PBXBuildFile; fileRef = F7095A322AFE514300F0218B /* SignInView.swift */; };
		F7095A352AFE662E00F0218B /* LoginInputView.swift in Sources */ = {isa = PBXBuildFile; fileRef = F7095A342AFE662E00F0218B /* LoginInputView.swift */; };
		F7095A372AFE663E00F0218B /* LoginTextField.swift in Sources */ = {isa = PBXBuildFile; fileRef = F7095A362AFE663E00F0218B /* LoginTextField.swift */; };
		F7095A392AFF6FB700F0218B /* Extension+String.swift in Sources */ = {isa = PBXBuildFile; fileRef = F7095A382AFF6FB700F0218B /* Extension+String.swift */; };
		F7095A3C2AFF713800F0218B /* IQKeyboardManagerSwift in Frameworks */ = {isa = PBXBuildFile; productRef = F7095A3B2AFF713800F0218B /* IQKeyboardManagerSwift */; };
		F7095A3F2AFF7D4B00F0218B /* SignInViewModel.swift in Sources */ = {isa = PBXBuildFile; fileRef = F7095A3E2AFF7D4B00F0218B /* SignInViewModel.swift */; };
		F7095A422AFF7D9600F0218B /* ViewModelType.swift in Sources */ = {isa = PBXBuildFile; fileRef = F7095A412AFF7D9600F0218B /* ViewModelType.swift */; };
		F7095A452AFF887100F0218B /* Kingfisher in Frameworks */ = {isa = PBXBuildFile; productRef = F7095A442AFF887100F0218B /* Kingfisher */; };
		F7095A482AFF887C00F0218B /* Alamofire in Frameworks */ = {isa = PBXBuildFile; productRef = F7095A472AFF887C00F0218B /* Alamofire */; };
		F7095A4A2AFF89A600F0218B /* Network.swift in Sources */ = {isa = PBXBuildFile; fileRef = F7095A492AFF89A600F0218B /* Network.swift */; };
		F7095A4C2AFF8A9F00F0218B /* Router.swift in Sources */ = {isa = PBXBuildFile; fileRef = F7095A4B2AFF8A9F00F0218B /* Router.swift */; };
		F7095A502B00A47600F0218B /* SignUpViewModel.swift in Sources */ = {isa = PBXBuildFile; fileRef = F7095A4F2B00A47600F0218B /* SignUpViewModel.swift */; };
		F7095A522B00BBA400F0218B /* AuthManager.swift in Sources */ = {isa = PBXBuildFile; fileRef = F7095A512B00BBA400F0218B /* AuthManager.swift */; };
		F7095A552B00BC3C00F0218B /* UserDefaultsManager.swift in Sources */ = {isa = PBXBuildFile; fileRef = F7095A542B00BC3C00F0218B /* UserDefaultsManager.swift */; };
		F7095A602B00C41000F0218B /* KeyChain.swift in Sources */ = {isa = PBXBuildFile; fileRef = F7095A5F2B00C41000F0218B /* KeyChain.swift */; };
		F7095A662B00F82200F0218B /* APIConstants.swift in Sources */ = {isa = PBXBuildFile; fileRef = F7095A652B00F82200F0218B /* APIConstants.swift */; };
		F7095A882B02340600F0218B /* Extension+Date.swift in Sources */ = {isa = PBXBuildFile; fileRef = F7095A872B02340600F0218B /* Extension+Date.swift */; };
		F7095A8B2B0239B000F0218B /* PostListViewController.swift in Sources */ = {isa = PBXBuildFile; fileRef = F7095A8A2B0239B000F0218B /* PostListViewController.swift */; };
		F72C69042B1AED98007B1F8F /* Extension+UIColor.swift in Sources */ = {isa = PBXBuildFile; fileRef = F72C69032B1AED98007B1F8F /* Extension+UIColor.swift */; };
		F72C69062B1AEDB5007B1F8F /* Color.swift in Sources */ = {isa = PBXBuildFile; fileRef = F72C69052B1AEDB5007B1F8F /* Color.swift */; };
		F72C69092B1AF086007B1F8F /* CommentCreateViewController.swift in Sources */ = {isa = PBXBuildFile; fileRef = F72C69082B1AF086007B1F8F /* CommentCreateViewController.swift */; };
		F72C690C2B1AF2E3007B1F8F /* CommentCreateView.swift in Sources */ = {isa = PBXBuildFile; fileRef = F72C690B2B1AF2E3007B1F8F /* CommentCreateView.swift */; };
		F72C690F2B1C3EC9007B1F8F /* CommentCreateViewModel.swift in Sources */ = {isa = PBXBuildFile; fileRef = F72C690E2B1C3EC9007B1F8F /* CommentCreateViewModel.swift */; };
		F72C69112B1C4146007B1F8F /* CommentModel.swift in Sources */ = {isa = PBXBuildFile; fileRef = F72C69102B1C4146007B1F8F /* CommentModel.swift */; };
		F72C69132B1C7148007B1F8F /* Extension+CALyer.swift in Sources */ = {isa = PBXBuildFile; fileRef = F72C69122B1C7148007B1F8F /* Extension+CALyer.swift */; };
		F76E422F2B2EECED00A00B27 /* Extension+Rx.swift in Sources */ = {isa = PBXBuildFile; fileRef = F76E422E2B2EECED00A00B27 /* Extension+Rx.swift */; };
		F76EE92B2B10A293005C6106 /* PostDetailView.swift in Sources */ = {isa = PBXBuildFile; fileRef = F76EE92A2B10A293005C6106 /* PostDetailView.swift */; };
		F76EE92D2B10AE12005C6106 /* CommentHeaderView.swift in Sources */ = {isa = PBXBuildFile; fileRef = F76EE92C2B10AE12005C6106 /* CommentHeaderView.swift */; };
		F76EE92F2B11D9A6005C6106 /* PostWriteCollectionViewCell.swift in Sources */ = {isa = PBXBuildFile; fileRef = F76EE92E2B11D9A6005C6106 /* PostWriteCollectionViewCell.swift */; };
		F76EE9312B11DA27005C6106 /* ProfileImageView.swift in Sources */ = {isa = PBXBuildFile; fileRef = F76EE9302B11DA27005C6106 /* ProfileImageView.swift */; };
		F76EE9412B1452D8005C6106 /* PostWriteView.swift in Sources */ = {isa = PBXBuildFile; fileRef = F76EE9402B1452D8005C6106 /* PostWriteView.swift */; };
		F76EE9452B15D8F4005C6106 /* PostWriteViewModel.swift in Sources */ = {isa = PBXBuildFile; fileRef = F76EE9442B15D8F4005C6106 /* PostWriteViewModel.swift */; };
		F77A0E082B2B2EC4000404FE /* SearchView.swift in Sources */ = {isa = PBXBuildFile; fileRef = F77A0E072B2B2EC4000404FE /* SearchView.swift */; };
		F77A0E0B2B2B2EEF000404FE /* SearchViewModel.swift in Sources */ = {isa = PBXBuildFile; fileRef = F77A0E0A2B2B2EEF000404FE /* SearchViewModel.swift */; };
		F77A0E0E2B2B32BA000404FE /* LikeView.swift in Sources */ = {isa = PBXBuildFile; fileRef = F77A0E0D2B2B32BA000404FE /* LikeView.swift */; };
		F77A0E112B2B32E2000404FE /* LikeViewModel.swift in Sources */ = {isa = PBXBuildFile; fileRef = F77A0E102B2B32E2000404FE /* LikeViewModel.swift */; };
		F77A0E132B2B6170000404FE /* FullScreenImageViewController.swift in Sources */ = {isa = PBXBuildFile; fileRef = F77A0E122B2B6170000404FE /* FullScreenImageViewController.swift */; };
		F77A0E182B2C6FD4000404FE /* NewPostWriteView.swift in Sources */ = {isa = PBXBuildFile; fileRef = F77A0E172B2C6FD4000404FE /* NewPostWriteView.swift */; };
		F77A0E1B2B2C701E000404FE /* NewPostWriteViewModel.swift in Sources */ = {isa = PBXBuildFile; fileRef = F77A0E1A2B2C701E000404FE /* NewPostWriteViewModel.swift */; };
		F77A0E1F2B2CBCC2000404FE /* HashtagTextView.swift in Sources */ = {isa = PBXBuildFile; fileRef = F77A0E1E2B2CBCC2000404FE /* HashtagTextView.swift */; };
		F79D69E92B2821600059678E /* ProfileChileMyPostListView.swift in Sources */ = {isa = PBXBuildFile; fileRef = F79D69E82B2821600059678E /* ProfileChileMyPostListView.swift */; };
		F79D69EC2B28219F0059678E /* ProfileChileMyPostListTableViewCell.swift in Sources */ = {isa = PBXBuildFile; fileRef = F79D69EB2B28219F0059678E /* ProfileChileMyPostListTableViewCell.swift */; };
		F79D69EE2B2821EF0059678E /* ProfileChildMyPostListViewModel.swift in Sources */ = {isa = PBXBuildFile; fileRef = F79D69ED2B2821EF0059678E /* ProfileChildMyPostListViewModel.swift */; };
		F79D69F02B28507C0059678E /* ProfileChileMyPostCommentListView.swift in Sources */ = {isa = PBXBuildFile; fileRef = F79D69EF2B28507C0059678E /* ProfileChileMyPostCommentListView.swift */; };
		F79D69F22B2850C70059678E /* ProfileChileMaPostCommentListViewModel.swift in Sources */ = {isa = PBXBuildFile; fileRef = F79D69F12B2850C70059678E /* ProfileChileMaPostCommentListViewModel.swift */; };
		F79D69FD2B2997EB0059678E /* OtherUserPostBottomSheetViewController.swift in Sources */ = {isa = PBXBuildFile; fileRef = F79D69FC2B2997EB0059678E /* OtherUserPostBottomSheetViewController.swift */; };
		F79D6A002B29A6790059678E /* FollowViewController.swift in Sources */ = {isa = PBXBuildFile; fileRef = F79D69FF2B29A6790059678E /* FollowViewController.swift */; };
		F79D6A032B29B7B60059678E /* FollowViewModel.swift in Sources */ = {isa = PBXBuildFile; fileRef = F79D6A022B29B7B60059678E /* FollowViewModel.swift */; };
		F79D6A062B29B7D90059678E /* FollowView.swift in Sources */ = {isa = PBXBuildFile; fileRef = F79D6A052B29B7D90059678E /* FollowView.swift */; };
		F79D6A082B29DADE0059678E /* FollowModel.swift in Sources */ = {isa = PBXBuildFile; fileRef = F79D6A072B29DADE0059678E /* FollowModel.swift */; };
		F79D6A0E2B2AF60C0059678E /* SettingViewController.swift in Sources */ = {isa = PBXBuildFile; fileRef = F79D6A0D2B2AF60C0059678E /* SettingViewController.swift */; };
		F79D6A122B2B09200059678E /* SettingView.swift in Sources */ = {isa = PBXBuildFile; fileRef = F79D6A112B2B09200059678E /* SettingView.swift */; };
		F79D6A152B2B09390059678E /* SettingViewModel.swift in Sources */ = {isa = PBXBuildFile; fileRef = F79D6A142B2B09390059678E /* SettingViewModel.swift */; };
		F79D6A172B2B0A120059678E /* SettingTableViewCell.swift in Sources */ = {isa = PBXBuildFile; fileRef = F79D6A162B2B0A120059678E /* SettingTableViewCell.swift */; };
		F7A375B32B22A2AA00810BD9 /* PostListBottomSheetViewController.swift in Sources */ = {isa = PBXBuildFile; fileRef = F7A375B22B22A2AA00810BD9 /* PostListBottomSheetViewController.swift */; };
		F7A375EC2B22F7D500810BD9 /* NewPostWriteViewController.swift in Sources */ = {isa = PBXBuildFile; fileRef = F7A375EB2B22F7D500810BD9 /* NewPostWriteViewController.swift */; };
		F7A375EE2B23411800810BD9 /* PostUpdateViewController.swift in Sources */ = {isa = PBXBuildFile; fileRef = F7A375ED2B23411800810BD9 /* PostUpdateViewController.swift */; };
		F7A375F02B23427700810BD9 /* PostUpdateViewModel.swift in Sources */ = {isa = PBXBuildFile; fileRef = F7A375EF2B23427700810BD9 /* PostUpdateViewModel.swift */; };
		F7B4093B2B0633EB006CD373 /* ErrorResponse.swift in Sources */ = {isa = PBXBuildFile; fileRef = F7B4093A2B0633EB006CD373 /* ErrorResponse.swift */; };
		F7B409412B075730006CD373 /* UserVerificationModel.swift in Sources */ = {isa = PBXBuildFile; fileRef = F7B409402B075730006CD373 /* UserVerificationModel.swift */; };
		F7B409442B076F9D006CD373 /* UITabbarController.swift in Sources */ = {isa = PBXBuildFile; fileRef = F7B409432B076F9D006CD373 /* UITabbarController.swift */; };
		F7B409472B07713B006CD373 /* SearchViewController.swift in Sources */ = {isa = PBXBuildFile; fileRef = F7B409462B07713B006CD373 /* SearchViewController.swift */; };
		F7B409492B077146006CD373 /* PostDetailViewController.swift in Sources */ = {isa = PBXBuildFile; fileRef = F7B409482B077146006CD373 /* PostDetailViewController.swift */; };
		F7B4094B2B07714F006CD373 /* LikeViewController.swift in Sources */ = {isa = PBXBuildFile; fileRef = F7B4094A2B07714F006CD373 /* LikeViewController.swift */; };
		F7B4094D2B07715A006CD373 /* ProfileViewController.swift in Sources */ = {isa = PBXBuildFile; fileRef = F7B4094C2B07715A006CD373 /* ProfileViewController.swift */; };
		F7B409502B078CE2006CD373 /* PostListViewModel.swift in Sources */ = {isa = PBXBuildFile; fileRef = F7B4094F2B078CE2006CD373 /* PostListViewModel.swift */; };
		F7B409522B078DA8006CD373 /* PostModel.swift in Sources */ = {isa = PBXBuildFile; fileRef = F7B409512B078DA8006CD373 /* PostModel.swift */; };
		F7B409542B07958F006CD373 /* PostListView.swift in Sources */ = {isa = PBXBuildFile; fileRef = F7B409532B07958F006CD373 /* PostListView.swift */; };
		F7B409572B08D8B7006CD373 /* RxDataSources in Frameworks */ = {isa = PBXBuildFile; productRef = F7B409562B08D8B7006CD373 /* RxDataSources */; };
		F7B4095C2B09D9BC006CD373 /* PostListTableViewCell.swift in Sources */ = {isa = PBXBuildFile; fileRef = F7B4095B2B09D9BC006CD373 /* PostListTableViewCell.swift */; };
		F7B4095E2B09DA33006CD373 /* BasePostListImageCollectionViewCell.swift in Sources */ = {isa = PBXBuildFile; fileRef = F7B4095D2B09DA33006CD373 /* BasePostListImageCollectionViewCell.swift */; };
		F7B579652B2DD9F20095A432 /* ProfileChildMyFollowerViewController.swift in Sources */ = {isa = PBXBuildFile; fileRef = F7B579642B2DD9F20095A432 /* ProfileChildMyFollowerViewController.swift */; };
		F7B579672B2DD9FD0095A432 /* ProfileChildMyFollowingViewController.swift in Sources */ = {isa = PBXBuildFile; fileRef = F7B579662B2DD9FD0095A432 /* ProfileChildMyFollowingViewController.swift */; };
		F7B579692B2DDD100095A432 /* ProfileChildMyFollowerListTableViewCell.swift in Sources */ = {isa = PBXBuildFile; fileRef = F7B579682B2DDD100095A432 /* ProfileChildMyFollowerListTableViewCell.swift */; };
		F7B5796B2B2DDFD90095A432 /* Extension+ViewModel.swift in Sources */ = {isa = PBXBuildFile; fileRef = F7B5796A2B2DDFD90095A432 /* Extension+ViewModel.swift */; };
		F7B5796D2B2EC76E0095A432 /* Extension+Notification.swift in Sources */ = {isa = PBXBuildFile; fileRef = F7B5796C2B2EC76E0095A432 /* Extension+Notification.swift */; };
		F7C031D62B1F7A05002EAF19 /* UserProfileModel.swift in Sources */ = {isa = PBXBuildFile; fileRef = F7C031D52B1F7A05002EAF19 /* UserProfileModel.swift */; };
		F7C031D82B205631002EAF19 /* LikeModel.swift in Sources */ = {isa = PBXBuildFile; fileRef = F7C031D72B205631002EAF19 /* LikeModel.swift */; };
		F7C032072B209F28002EAF19 /* BottomSheetViewController.swift in Sources */ = {isa = PBXBuildFile; fileRef = F7C032062B209F28002EAF19 /* BottomSheetViewController.swift */; };
		F7D6627A2B0CA4CA0039E40F /* DateHelper.swift in Sources */ = {isa = PBXBuildFile; fileRef = F7D662792B0CA4CA0039E40F /* DateHelper.swift */; };
		F7D662882B0DC6B10039E40F /* PostWriteViewController.swift in Sources */ = {isa = PBXBuildFile; fileRef = F7D662872B0DC6B10039E40F /* PostWriteViewController.swift */; };
		F7D6628A2B0DE7ED0039E40F /* PostDetailViewModel.swift in Sources */ = {isa = PBXBuildFile; fileRef = F7D662892B0DE7ED0039E40F /* PostDetailViewModel.swift */; };
		F7D6628E2B0DEDA70039E40F /* CommentCollectionViewCell.swift in Sources */ = {isa = PBXBuildFile; fileRef = F7D6628D2B0DEDA70039E40F /* CommentCollectionViewCell.swift */; };
		F7E33D4B2B25968700ACB8D9 /* CommentStatusModifyBottomSheetController.swift in Sources */ = {isa = PBXBuildFile; fileRef = F7E33D4A2B25968700ACB8D9 /* CommentStatusModifyBottomSheetController.swift */; };
		F7E33D4D2B25CCB500ACB8D9 /* CommentUpdateViewController.swift in Sources */ = {isa = PBXBuildFile; fileRef = F7E33D4C2B25CCB500ACB8D9 /* CommentUpdateViewController.swift */; };
		F7E33D502B26191B00ACB8D9 /* ProfileView.swift in Sources */ = {isa = PBXBuildFile; fileRef = F7E33D4F2B26191B00ACB8D9 /* ProfileView.swift */; };
		F7E33D5B2B26DE9400ACB8D9 /* Tabman in Frameworks */ = {isa = PBXBuildFile; productRef = F7E33D5A2B26DE9400ACB8D9 /* Tabman */; };
		F7E33D5D2B27010100ACB8D9 /* ProfileChildViewController.swift in Sources */ = {isa = PBXBuildFile; fileRef = F7E33D5C2B27010100ACB8D9 /* ProfileChildViewController.swift */; };
		F7E33D5F2B27017300ACB8D9 /* ProfileChildMyPostListViewController.swift in Sources */ = {isa = PBXBuildFile; fileRef = F7E33D5E2B27017300ACB8D9 /* ProfileChildMyPostListViewController.swift */; };
		F7E33D612B27018700ACB8D9 /* ProfileChildMyPostCommentListViewController.swift in Sources */ = {isa = PBXBuildFile; fileRef = F7E33D602B27018700ACB8D9 /* ProfileChildMyPostCommentListViewController.swift */; };
		F7E33D632B2705EE00ACB8D9 /* ProfileUpdateViewController.swift in Sources */ = {isa = PBXBuildFile; fileRef = F7E33D622B2705EE00ACB8D9 /* ProfileUpdateViewController.swift */; };
		F7E33D652B27085500ACB8D9 /* ProfileUpdateView.swift in Sources */ = {isa = PBXBuildFile; fileRef = F7E33D642B27085500ACB8D9 /* ProfileUpdateView.swift */; };
		F7E33D682B2720EF00ACB8D9 /* ProfileViewModel.swift in Sources */ = {isa = PBXBuildFile; fileRef = F7E33D672B2720EF00ACB8D9 /* ProfileViewModel.swift */; };
		F7E33D6C2B2738AF00ACB8D9 /* ProfileUpdateViewModel.swift in Sources */ = {isa = PBXBuildFile; fileRef = F7E33D6B2B2738AF00ACB8D9 /* ProfileUpdateViewModel.swift */; };
/* End PBXBuildFile section */

/* Begin PBXFileReference section */
		F70959F52AFE191900F0218B /* PictureFlow.app */ = {isa = PBXFileReference; explicitFileType = wrapper.application; includeInIndex = 0; path = PictureFlow.app; sourceTree = BUILT_PRODUCTS_DIR; };
		F70959F82AFE191900F0218B /* AppDelegate.swift */ = {isa = PBXFileReference; lastKnownFileType = sourcecode.swift; path = AppDelegate.swift; sourceTree = "<group>"; };
		F70959FA2AFE191900F0218B /* SceneDelegate.swift */ = {isa = PBXFileReference; lastKnownFileType = sourcecode.swift; path = SceneDelegate.swift; sourceTree = "<group>"; };
		F7095A012AFE191A00F0218B /* Assets.xcassets */ = {isa = PBXFileReference; lastKnownFileType = folder.assetcatalog; path = Assets.xcassets; sourceTree = "<group>"; };
		F7095A042AFE191A00F0218B /* Base */ = {isa = PBXFileReference; lastKnownFileType = file.storyboard; name = Base; path = Base.lproj/LaunchScreen.storyboard; sourceTree = "<group>"; };
		F7095A062AFE191A00F0218B /* Info.plist */ = {isa = PBXFileReference; lastKnownFileType = text.plist.xml; path = Info.plist; sourceTree = "<group>"; };
		F7095A0D2AFE1A0A00F0218B /* .gitignore */ = {isa = PBXFileReference; lastKnownFileType = text; path = .gitignore; sourceTree = "<group>"; };
		F7095A0F2AFE1A6600F0218B /* APIKey.swift */ = {isa = PBXFileReference; lastKnownFileType = sourcecode.swift; path = APIKey.swift; sourceTree = "<group>"; };
		F7095A192AFE3B0700F0218B /* JoinButton.swift */ = {isa = PBXFileReference; lastKnownFileType = sourcecode.swift; path = JoinButton.swift; sourceTree = "<group>"; };
		F7095A222AFE3CC100F0218B /* SignInViewController.swift */ = {isa = PBXFileReference; lastKnownFileType = sourcecode.swift; path = SignInViewController.swift; sourceTree = "<group>"; };
		F7095A242AFE3CFC00F0218B /* SignUpViewController.swift */ = {isa = PBXFileReference; lastKnownFileType = sourcecode.swift; path = SignUpViewController.swift; sourceTree = "<group>"; };
		F7095A292AFE3DE600F0218B /* Extension+UIViewController.swift */ = {isa = PBXFileReference; lastKnownFileType = sourcecode.swift; path = "Extension+UIViewController.swift"; sourceTree = "<group>"; };
		F7095A302AFE513A00F0218B /* SignUpView.swift */ = {isa = PBXFileReference; lastKnownFileType = sourcecode.swift; path = SignUpView.swift; sourceTree = "<group>"; };
		F7095A322AFE514300F0218B /* SignInView.swift */ = {isa = PBXFileReference; lastKnownFileType = sourcecode.swift; path = SignInView.swift; sourceTree = "<group>"; };
		F7095A342AFE662E00F0218B /* LoginInputView.swift */ = {isa = PBXFileReference; lastKnownFileType = sourcecode.swift; path = LoginInputView.swift; sourceTree = "<group>"; };
		F7095A362AFE663E00F0218B /* LoginTextField.swift */ = {isa = PBXFileReference; lastKnownFileType = sourcecode.swift; path = LoginTextField.swift; sourceTree = "<group>"; };
		F7095A382AFF6FB700F0218B /* Extension+String.swift */ = {isa = PBXFileReference; lastKnownFileType = sourcecode.swift; path = "Extension+String.swift"; sourceTree = "<group>"; };
		F7095A3E2AFF7D4B00F0218B /* SignInViewModel.swift */ = {isa = PBXFileReference; lastKnownFileType = sourcecode.swift; path = SignInViewModel.swift; sourceTree = "<group>"; };
		F7095A412AFF7D9600F0218B /* ViewModelType.swift */ = {isa = PBXFileReference; lastKnownFileType = sourcecode.swift; path = ViewModelType.swift; sourceTree = "<group>"; };
		F7095A492AFF89A600F0218B /* Network.swift */ = {isa = PBXFileReference; lastKnownFileType = sourcecode.swift; path = Network.swift; sourceTree = "<group>"; };
		F7095A4B2AFF8A9F00F0218B /* Router.swift */ = {isa = PBXFileReference; lastKnownFileType = sourcecode.swift; path = Router.swift; sourceTree = "<group>"; };
		F7095A4F2B00A47600F0218B /* SignUpViewModel.swift */ = {isa = PBXFileReference; lastKnownFileType = sourcecode.swift; path = SignUpViewModel.swift; sourceTree = "<group>"; };
		F7095A512B00BBA400F0218B /* AuthManager.swift */ = {isa = PBXFileReference; lastKnownFileType = sourcecode.swift; path = AuthManager.swift; sourceTree = "<group>"; };
		F7095A542B00BC3C00F0218B /* UserDefaultsManager.swift */ = {isa = PBXFileReference; lastKnownFileType = sourcecode.swift; path = UserDefaultsManager.swift; sourceTree = "<group>"; };
		F7095A5F2B00C41000F0218B /* KeyChain.swift */ = {isa = PBXFileReference; lastKnownFileType = sourcecode.swift; path = KeyChain.swift; sourceTree = "<group>"; };
		F7095A652B00F82200F0218B /* APIConstants.swift */ = {isa = PBXFileReference; lastKnownFileType = sourcecode.swift; path = APIConstants.swift; sourceTree = "<group>"; };
		F7095A872B02340600F0218B /* Extension+Date.swift */ = {isa = PBXFileReference; lastKnownFileType = sourcecode.swift; path = "Extension+Date.swift"; sourceTree = "<group>"; };
		F7095A8A2B0239B000F0218B /* PostListViewController.swift */ = {isa = PBXFileReference; lastKnownFileType = sourcecode.swift; path = PostListViewController.swift; sourceTree = "<group>"; };
		F72C69032B1AED98007B1F8F /* Extension+UIColor.swift */ = {isa = PBXFileReference; lastKnownFileType = sourcecode.swift; path = "Extension+UIColor.swift"; sourceTree = "<group>"; };
		F72C69052B1AEDB5007B1F8F /* Color.swift */ = {isa = PBXFileReference; lastKnownFileType = sourcecode.swift; path = Color.swift; sourceTree = "<group>"; };
		F72C69082B1AF086007B1F8F /* CommentCreateViewController.swift */ = {isa = PBXFileReference; lastKnownFileType = sourcecode.swift; path = CommentCreateViewController.swift; sourceTree = "<group>"; };
		F72C690B2B1AF2E3007B1F8F /* CommentCreateView.swift */ = {isa = PBXFileReference; lastKnownFileType = sourcecode.swift; path = CommentCreateView.swift; sourceTree = "<group>"; };
		F72C690E2B1C3EC9007B1F8F /* CommentCreateViewModel.swift */ = {isa = PBXFileReference; lastKnownFileType = sourcecode.swift; path = CommentCreateViewModel.swift; sourceTree = "<group>"; };
		F72C69102B1C4146007B1F8F /* CommentModel.swift */ = {isa = PBXFileReference; lastKnownFileType = sourcecode.swift; path = CommentModel.swift; sourceTree = "<group>"; };
		F72C69122B1C7148007B1F8F /* Extension+CALyer.swift */ = {isa = PBXFileReference; lastKnownFileType = sourcecode.swift; path = "Extension+CALyer.swift"; sourceTree = "<group>"; };
		F76E422E2B2EECED00A00B27 /* Extension+Rx.swift */ = {isa = PBXFileReference; lastKnownFileType = sourcecode.swift; path = "Extension+Rx.swift"; sourceTree = "<group>"; };
		F76EE92A2B10A293005C6106 /* PostDetailView.swift */ = {isa = PBXFileReference; lastKnownFileType = sourcecode.swift; path = PostDetailView.swift; sourceTree = "<group>"; };
		F76EE92C2B10AE12005C6106 /* CommentHeaderView.swift */ = {isa = PBXFileReference; lastKnownFileType = sourcecode.swift; path = CommentHeaderView.swift; sourceTree = "<group>"; };
		F76EE92E2B11D9A6005C6106 /* PostWriteCollectionViewCell.swift */ = {isa = PBXFileReference; lastKnownFileType = sourcecode.swift; path = PostWriteCollectionViewCell.swift; sourceTree = "<group>"; };
		F76EE9302B11DA27005C6106 /* ProfileImageView.swift */ = {isa = PBXFileReference; lastKnownFileType = sourcecode.swift; path = ProfileImageView.swift; sourceTree = "<group>"; };
		F76EE9402B1452D8005C6106 /* PostWriteView.swift */ = {isa = PBXFileReference; lastKnownFileType = sourcecode.swift; path = PostWriteView.swift; sourceTree = "<group>"; };
		F76EE9442B15D8F4005C6106 /* PostWriteViewModel.swift */ = {isa = PBXFileReference; lastKnownFileType = sourcecode.swift; path = PostWriteViewModel.swift; sourceTree = "<group>"; };
		F77A0E072B2B2EC4000404FE /* SearchView.swift */ = {isa = PBXFileReference; lastKnownFileType = sourcecode.swift; path = SearchView.swift; sourceTree = "<group>"; };
		F77A0E0A2B2B2EEF000404FE /* SearchViewModel.swift */ = {isa = PBXFileReference; lastKnownFileType = sourcecode.swift; path = SearchViewModel.swift; sourceTree = "<group>"; };
		F77A0E0D2B2B32BA000404FE /* LikeView.swift */ = {isa = PBXFileReference; lastKnownFileType = sourcecode.swift; path = LikeView.swift; sourceTree = "<group>"; };
		F77A0E102B2B32E2000404FE /* LikeViewModel.swift */ = {isa = PBXFileReference; lastKnownFileType = sourcecode.swift; path = LikeViewModel.swift; sourceTree = "<group>"; };
		F77A0E122B2B6170000404FE /* FullScreenImageViewController.swift */ = {isa = PBXFileReference; lastKnownFileType = sourcecode.swift; path = FullScreenImageViewController.swift; sourceTree = "<group>"; };
		F77A0E172B2C6FD4000404FE /* NewPostWriteView.swift */ = {isa = PBXFileReference; lastKnownFileType = sourcecode.swift; path = NewPostWriteView.swift; sourceTree = "<group>"; };
		F77A0E1A2B2C701E000404FE /* NewPostWriteViewModel.swift */ = {isa = PBXFileReference; lastKnownFileType = sourcecode.swift; path = NewPostWriteViewModel.swift; sourceTree = "<group>"; };
		F77A0E1E2B2CBCC2000404FE /* HashtagTextView.swift */ = {isa = PBXFileReference; lastKnownFileType = sourcecode.swift; path = HashtagTextView.swift; sourceTree = "<group>"; };
		F79D69E82B2821600059678E /* ProfileChileMyPostListView.swift */ = {isa = PBXFileReference; lastKnownFileType = sourcecode.swift; path = ProfileChileMyPostListView.swift; sourceTree = "<group>"; };
		F79D69EB2B28219F0059678E /* ProfileChileMyPostListTableViewCell.swift */ = {isa = PBXFileReference; lastKnownFileType = sourcecode.swift; path = ProfileChileMyPostListTableViewCell.swift; sourceTree = "<group>"; };
		F79D69ED2B2821EF0059678E /* ProfileChildMyPostListViewModel.swift */ = {isa = PBXFileReference; lastKnownFileType = sourcecode.swift; path = ProfileChildMyPostListViewModel.swift; sourceTree = "<group>"; };
		F79D69EF2B28507C0059678E /* ProfileChileMyPostCommentListView.swift */ = {isa = PBXFileReference; lastKnownFileType = sourcecode.swift; path = ProfileChileMyPostCommentListView.swift; sourceTree = "<group>"; };
		F79D69F12B2850C70059678E /* ProfileChileMaPostCommentListViewModel.swift */ = {isa = PBXFileReference; lastKnownFileType = sourcecode.swift; path = ProfileChileMaPostCommentListViewModel.swift; sourceTree = "<group>"; };
		F79D69FC2B2997EB0059678E /* OtherUserPostBottomSheetViewController.swift */ = {isa = PBXFileReference; lastKnownFileType = sourcecode.swift; path = OtherUserPostBottomSheetViewController.swift; sourceTree = "<group>"; };
		F79D69FF2B29A6790059678E /* FollowViewController.swift */ = {isa = PBXFileReference; lastKnownFileType = sourcecode.swift; path = FollowViewController.swift; sourceTree = "<group>"; };
		F79D6A022B29B7B60059678E /* FollowViewModel.swift */ = {isa = PBXFileReference; lastKnownFileType = sourcecode.swift; path = FollowViewModel.swift; sourceTree = "<group>"; };
		F79D6A052B29B7D90059678E /* FollowView.swift */ = {isa = PBXFileReference; lastKnownFileType = sourcecode.swift; path = FollowView.swift; sourceTree = "<group>"; };
		F79D6A072B29DADE0059678E /* FollowModel.swift */ = {isa = PBXFileReference; lastKnownFileType = sourcecode.swift; path = FollowModel.swift; sourceTree = "<group>"; };
		F79D6A0D2B2AF60C0059678E /* SettingViewController.swift */ = {isa = PBXFileReference; lastKnownFileType = sourcecode.swift; path = SettingViewController.swift; sourceTree = "<group>"; };
		F79D6A112B2B09200059678E /* SettingView.swift */ = {isa = PBXFileReference; lastKnownFileType = sourcecode.swift; path = SettingView.swift; sourceTree = "<group>"; };
		F79D6A142B2B09390059678E /* SettingViewModel.swift */ = {isa = PBXFileReference; lastKnownFileType = sourcecode.swift; path = SettingViewModel.swift; sourceTree = "<group>"; };
		F79D6A162B2B0A120059678E /* SettingTableViewCell.swift */ = {isa = PBXFileReference; lastKnownFileType = sourcecode.swift; path = SettingTableViewCell.swift; sourceTree = "<group>"; };
		F7A375B22B22A2AA00810BD9 /* PostListBottomSheetViewController.swift */ = {isa = PBXFileReference; lastKnownFileType = sourcecode.swift; path = PostListBottomSheetViewController.swift; sourceTree = "<group>"; };
		F7A375EB2B22F7D500810BD9 /* NewPostWriteViewController.swift */ = {isa = PBXFileReference; lastKnownFileType = sourcecode.swift; path = NewPostWriteViewController.swift; sourceTree = "<group>"; };
		F7A375ED2B23411800810BD9 /* PostUpdateViewController.swift */ = {isa = PBXFileReference; lastKnownFileType = sourcecode.swift; path = PostUpdateViewController.swift; sourceTree = "<group>"; };
		F7A375EF2B23427700810BD9 /* PostUpdateViewModel.swift */ = {isa = PBXFileReference; lastKnownFileType = sourcecode.swift; path = PostUpdateViewModel.swift; sourceTree = "<group>"; };
		F7B4093A2B0633EB006CD373 /* ErrorResponse.swift */ = {isa = PBXFileReference; lastKnownFileType = sourcecode.swift; path = ErrorResponse.swift; sourceTree = "<group>"; };
		F7B409402B075730006CD373 /* UserVerificationModel.swift */ = {isa = PBXFileReference; lastKnownFileType = sourcecode.swift; path = UserVerificationModel.swift; sourceTree = "<group>"; };
		F7B409432B076F9D006CD373 /* UITabbarController.swift */ = {isa = PBXFileReference; lastKnownFileType = sourcecode.swift; path = UITabbarController.swift; sourceTree = "<group>"; };
		F7B409462B07713B006CD373 /* SearchViewController.swift */ = {isa = PBXFileReference; lastKnownFileType = sourcecode.swift; path = SearchViewController.swift; sourceTree = "<group>"; };
		F7B409482B077146006CD373 /* PostDetailViewController.swift */ = {isa = PBXFileReference; lastKnownFileType = sourcecode.swift; path = PostDetailViewController.swift; sourceTree = "<group>"; };
		F7B4094A2B07714F006CD373 /* LikeViewController.swift */ = {isa = PBXFileReference; lastKnownFileType = sourcecode.swift; path = LikeViewController.swift; sourceTree = "<group>"; };
		F7B4094C2B07715A006CD373 /* ProfileViewController.swift */ = {isa = PBXFileReference; lastKnownFileType = sourcecode.swift; path = ProfileViewController.swift; sourceTree = "<group>"; };
		F7B4094F2B078CE2006CD373 /* PostListViewModel.swift */ = {isa = PBXFileReference; lastKnownFileType = sourcecode.swift; path = PostListViewModel.swift; sourceTree = "<group>"; usesTabs = 0; };
		F7B409512B078DA8006CD373 /* PostModel.swift */ = {isa = PBXFileReference; lastKnownFileType = sourcecode.swift; path = PostModel.swift; sourceTree = "<group>"; };
		F7B409532B07958F006CD373 /* PostListView.swift */ = {isa = PBXFileReference; lastKnownFileType = sourcecode.swift; path = PostListView.swift; sourceTree = "<group>"; };
		F7B4095B2B09D9BC006CD373 /* PostListTableViewCell.swift */ = {isa = PBXFileReference; lastKnownFileType = sourcecode.swift; path = PostListTableViewCell.swift; sourceTree = "<group>"; };
		F7B4095D2B09DA33006CD373 /* BasePostListImageCollectionViewCell.swift */ = {isa = PBXFileReference; lastKnownFileType = sourcecode.swift; path = BasePostListImageCollectionViewCell.swift; sourceTree = "<group>"; };
		F7B579642B2DD9F20095A432 /* ProfileChildMyFollowerViewController.swift */ = {isa = PBXFileReference; lastKnownFileType = sourcecode.swift; path = ProfileChildMyFollowerViewController.swift; sourceTree = "<group>"; };
		F7B579662B2DD9FD0095A432 /* ProfileChildMyFollowingViewController.swift */ = {isa = PBXFileReference; lastKnownFileType = sourcecode.swift; path = ProfileChildMyFollowingViewController.swift; sourceTree = "<group>"; };
		F7B579682B2DDD100095A432 /* ProfileChildMyFollowerListTableViewCell.swift */ = {isa = PBXFileReference; lastKnownFileType = sourcecode.swift; path = ProfileChildMyFollowerListTableViewCell.swift; sourceTree = "<group>"; };
		F7B5796A2B2DDFD90095A432 /* Extension+ViewModel.swift */ = {isa = PBXFileReference; lastKnownFileType = sourcecode.swift; path = "Extension+ViewModel.swift"; sourceTree = "<group>"; };
		F7B5796C2B2EC76E0095A432 /* Extension+Notification.swift */ = {isa = PBXFileReference; lastKnownFileType = sourcecode.swift; path = "Extension+Notification.swift"; sourceTree = "<group>"; };
		F7C031D52B1F7A05002EAF19 /* UserProfileModel.swift */ = {isa = PBXFileReference; lastKnownFileType = sourcecode.swift; path = UserProfileModel.swift; sourceTree = "<group>"; };
		F7C031D72B205631002EAF19 /* LikeModel.swift */ = {isa = PBXFileReference; lastKnownFileType = sourcecode.swift; path = LikeModel.swift; sourceTree = "<group>"; };
		F7C032062B209F28002EAF19 /* BottomSheetViewController.swift */ = {isa = PBXFileReference; lastKnownFileType = sourcecode.swift; path = BottomSheetViewController.swift; sourceTree = "<group>"; };
		F7D662792B0CA4CA0039E40F /* DateHelper.swift */ = {isa = PBXFileReference; lastKnownFileType = sourcecode.swift; path = DateHelper.swift; sourceTree = "<group>"; };
		F7D662872B0DC6B10039E40F /* PostWriteViewController.swift */ = {isa = PBXFileReference; lastKnownFileType = sourcecode.swift; path = PostWriteViewController.swift; sourceTree = "<group>"; };
		F7D662892B0DE7ED0039E40F /* PostDetailViewModel.swift */ = {isa = PBXFileReference; lastKnownFileType = sourcecode.swift; path = PostDetailViewModel.swift; sourceTree = "<group>"; };
		F7D6628D2B0DEDA70039E40F /* CommentCollectionViewCell.swift */ = {isa = PBXFileReference; lastKnownFileType = sourcecode.swift; path = CommentCollectionViewCell.swift; sourceTree = "<group>"; };
		F7E33D4A2B25968700ACB8D9 /* CommentStatusModifyBottomSheetController.swift */ = {isa = PBXFileReference; lastKnownFileType = sourcecode.swift; path = CommentStatusModifyBottomSheetController.swift; sourceTree = "<group>"; };
		F7E33D4C2B25CCB500ACB8D9 /* CommentUpdateViewController.swift */ = {isa = PBXFileReference; lastKnownFileType = sourcecode.swift; path = CommentUpdateViewController.swift; sourceTree = "<group>"; };
		F7E33D4F2B26191B00ACB8D9 /* ProfileView.swift */ = {isa = PBXFileReference; lastKnownFileType = sourcecode.swift; path = ProfileView.swift; sourceTree = "<group>"; };
		F7E33D5C2B27010100ACB8D9 /* ProfileChildViewController.swift */ = {isa = PBXFileReference; lastKnownFileType = sourcecode.swift; path = ProfileChildViewController.swift; sourceTree = "<group>"; };
		F7E33D5E2B27017300ACB8D9 /* ProfileChildMyPostListViewController.swift */ = {isa = PBXFileReference; lastKnownFileType = sourcecode.swift; path = ProfileChildMyPostListViewController.swift; sourceTree = "<group>"; };
		F7E33D602B27018700ACB8D9 /* ProfileChildMyPostCommentListViewController.swift */ = {isa = PBXFileReference; lastKnownFileType = sourcecode.swift; path = ProfileChildMyPostCommentListViewController.swift; sourceTree = "<group>"; };
		F7E33D622B2705EE00ACB8D9 /* ProfileUpdateViewController.swift */ = {isa = PBXFileReference; lastKnownFileType = sourcecode.swift; path = ProfileUpdateViewController.swift; sourceTree = "<group>"; };
		F7E33D642B27085500ACB8D9 /* ProfileUpdateView.swift */ = {isa = PBXFileReference; lastKnownFileType = sourcecode.swift; path = ProfileUpdateView.swift; sourceTree = "<group>"; };
		F7E33D672B2720EF00ACB8D9 /* ProfileViewModel.swift */ = {isa = PBXFileReference; lastKnownFileType = sourcecode.swift; path = ProfileViewModel.swift; sourceTree = "<group>"; };
		F7E33D6B2B2738AF00ACB8D9 /* ProfileUpdateViewModel.swift */ = {isa = PBXFileReference; lastKnownFileType = sourcecode.swift; path = ProfileUpdateViewModel.swift; sourceTree = "<group>"; };
/* End PBXFileReference section */

/* Begin PBXFrameworksBuildPhase section */
		F70959F22AFE191900F0218B /* Frameworks */ = {
			isa = PBXFrameworksBuildPhase;
			buildActionMask = 2147483647;
			files = (
				F7095A2F2AFE3EAC00F0218B /* RxSwift in Frameworks */,
				F7E33D5B2B26DE9400ACB8D9 /* Tabman in Frameworks */,
				F7095A3C2AFF713800F0218B /* IQKeyboardManagerSwift in Frameworks */,
				F7095A2D2AFE3EAC00F0218B /* RxCocoa in Frameworks */,
				F7095A482AFF887C00F0218B /* Alamofire in Frameworks */,
				F7B409572B08D8B7006CD373 /* RxDataSources in Frameworks */,
				F7095A172AFE37B200F0218B /* SnapKit in Frameworks */,
				F7095A452AFF887100F0218B /* Kingfisher in Frameworks */,
			);
			runOnlyForDeploymentPostprocessing = 0;
		};
/* End PBXFrameworksBuildPhase section */

/* Begin PBXGroup section */
		F70959EC2AFE191900F0218B = {
			isa = PBXGroup;
			children = (
				F70959F72AFE191900F0218B /* PictureFlow */,
				F70959F62AFE191900F0218B /* Products */,
			);
			sourceTree = "<group>";
		};
		F70959F62AFE191900F0218B /* Products */ = {
			isa = PBXGroup;
			children = (
				F70959F52AFE191900F0218B /* PictureFlow.app */,
			);
			name = Products;
			sourceTree = "<group>";
		};
		F70959F72AFE191900F0218B /* PictureFlow */ = {
			isa = PBXGroup;
			children = (
				F70959F82AFE191900F0218B /* AppDelegate.swift */,
				F70959FA2AFE191900F0218B /* SceneDelegate.swift */,
				F7095A5E2B00C15A00F0218B /* KeyChain */,
				F7095A562B00C10000F0218B /* Domain */,
				F7095A0C2AFE19E300F0218B /* Network */,
				F7095A272AFE3D7400F0218B /* Helper */,
				F7095A122AFE372100F0218B /* Views */,
				F7095A112AFE1D2B00F0218B /* Controllers */,
				F7095A3D2AFF7D1800F0218B /* ViewModels */,
				F7095A012AFE191A00F0218B /* Assets.xcassets */,
				F7095A032AFE191A00F0218B /* LaunchScreen.storyboard */,
				F7095A062AFE191A00F0218B /* Info.plist */,
				F7095A0D2AFE1A0A00F0218B /* .gitignore */,
			);
			path = PictureFlow;
			sourceTree = "<group>";
		};
		F7095A0C2AFE19E300F0218B /* Network */ = {
			isa = PBXGroup;
			children = (
				F7095A0F2AFE1A6600F0218B /* APIKey.swift */,
				F7095A492AFF89A600F0218B /* Network.swift */,
				F7095A4B2AFF8A9F00F0218B /* Router.swift */,
				F7095A512B00BBA400F0218B /* AuthManager.swift */,
			);
			path = Network;
			sourceTree = "<group>";
		};
		F7095A112AFE1D2B00F0218B /* Controllers */ = {
			isa = PBXGroup;
			children = (
				F79D6A0C2B2AF6000059678E /* Settings */,
				F7A375B12B22A18200810BD9 /* BottomSheet */,
				F79D69FE2B29A6640059678E /* Follow */,
				F72C69072B1AF077007B1F8F /* Comment */,
				F7095A892B0239A600F0218B /* Post */,
				F7D662852B0DC2E20039E40F /* Like */,
				F7D662842B0DC2D70039E40F /* Profile */,
				F7D662832B0DC2BD0039E40F /* Write */,
				F7D662822B0DC2B10039E40F /* Search */,
				F7095A262AFE3D2600F0218B /* Sign */,
				F7B409422B075A84006CD373 /* CustomController */,
			);
			path = Controllers;
			sourceTree = "<group>";
		};
		F7095A122AFE372100F0218B /* Views */ = {
			isa = PBXGroup;
			children = (
				F77A0E162B2C6FCD000404FE /* Write */,
				F77A0E0C2B2B32B2000404FE /* Like */,
				F77A0E062B2B2EBC000404FE /* Search */,
				F79D6A0F2B2B08FF0059678E /* Settting */,
				F79D6A042B29B7D20059678E /* Follow */,
				F7E33D4E2B26191300ACB8D9 /* Profile */,
				F72C690A2B1AF2D8007B1F8F /* Comment */,
				F7B409592B09D992006CD373 /* Post */,
				F7B409582B09D980006CD373 /* Sign */,
				F7095A182AFE381300F0218B /* CustomView */,
			);
			path = Views;
			sourceTree = "<group>";
		};
		F7095A182AFE381300F0218B /* CustomView */ = {
			isa = PBXGroup;
			children = (
				F7095A192AFE3B0700F0218B /* JoinButton.swift */,
				F7095A342AFE662E00F0218B /* LoginInputView.swift */,
				F7095A362AFE663E00F0218B /* LoginTextField.swift */,
				F76EE9302B11DA27005C6106 /* ProfileImageView.swift */,
				F77A0E1E2B2CBCC2000404FE /* HashtagTextView.swift */,
			);
			path = CustomView;
			sourceTree = "<group>";
		};
		F7095A262AFE3D2600F0218B /* Sign */ = {
			isa = PBXGroup;
			children = (
				F7095A242AFE3CFC00F0218B /* SignUpViewController.swift */,
				F7095A222AFE3CC100F0218B /* SignInViewController.swift */,
			);
			path = Sign;
			sourceTree = "<group>";
		};
		F7095A272AFE3D7400F0218B /* Helper */ = {
			isa = PBXGroup;
			children = (
				F7D662782B0CA4AA0039E40F /* Tools */,
				F7095A632B00F7FF00F0218B /* Constants */,
				F7095A532B00BC2D00F0218B /* Repository */,
				F7095A402AFF7D8D00F0218B /* Protocol */,
				F7095A282AFE3DD800F0218B /* Extension */,
			);
			path = Helper;
			sourceTree = "<group>";
		};
		F7095A282AFE3DD800F0218B /* Extension */ = {
			isa = PBXGroup;
			children = (
				F7095A292AFE3DE600F0218B /* Extension+UIViewController.swift */,
				F7095A382AFF6FB700F0218B /* Extension+String.swift */,
				F7095A872B02340600F0218B /* Extension+Date.swift */,
				F72C69032B1AED98007B1F8F /* Extension+UIColor.swift */,
				F72C69122B1C7148007B1F8F /* Extension+CALyer.swift */,
				F7B5796A2B2DDFD90095A432 /* Extension+ViewModel.swift */,
				F7B5796C2B2EC76E0095A432 /* Extension+Notification.swift */,
				F76E422E2B2EECED00A00B27 /* Extension+Rx.swift */,
			);
			path = Extension;
			sourceTree = "<group>";
		};
		F7095A3D2AFF7D1800F0218B /* ViewModels */ = {
			isa = PBXGroup;
			children = (
				F77A0E192B2C7015000404FE /* Write */,
				F77A0E0F2B2B32DC000404FE /* Like */,
				F77A0E092B2B2EE9000404FE /* Search */,
				F79D6A132B2B09330059678E /* Setting */,
				F79D6A012B29B7AB0059678E /* Follow */,
				F7E33D662B2720E700ACB8D9 /* Profile */,
				F72C690D2B1C3EBF007B1F8F /* Comment */,
				F7B4094E2B078CD8006CD373 /* Post */,
				F7B409452B077091006CD373 /* Sign */,
			);
			path = ViewModels;
			sourceTree = "<group>";
		};
		F7095A402AFF7D8D00F0218B /* Protocol */ = {
			isa = PBXGroup;
			children = (
				F7095A412AFF7D9600F0218B /* ViewModelType.swift */,
			);
			path = Protocol;
			sourceTree = "<group>";
		};
		F7095A532B00BC2D00F0218B /* Repository */ = {
			isa = PBXGroup;
			children = (
				F7095A542B00BC3C00F0218B /* UserDefaultsManager.swift */,
			);
			path = Repository;
			sourceTree = "<group>";
		};
		F7095A562B00C10000F0218B /* Domain */ = {
			isa = PBXGroup;
			children = (
				F7095A592B00C11C00F0218B /* Models */,
			);
			path = Domain;
			sourceTree = "<group>";
		};
		F7095A592B00C11C00F0218B /* Models */ = {
			isa = PBXGroup;
			children = (
				F7B4093A2B0633EB006CD373 /* ErrorResponse.swift */,
				F7B409402B075730006CD373 /* UserVerificationModel.swift */,
				F7B409512B078DA8006CD373 /* PostModel.swift */,
				F72C69102B1C4146007B1F8F /* CommentModel.swift */,
				F7C031D52B1F7A05002EAF19 /* UserProfileModel.swift */,
				F7C031D72B205631002EAF19 /* LikeModel.swift */,
				F79D6A072B29DADE0059678E /* FollowModel.swift */,
			);
			path = Models;
			sourceTree = "<group>";
		};
		F7095A5E2B00C15A00F0218B /* KeyChain */ = {
			isa = PBXGroup;
			children = (
				F7095A5F2B00C41000F0218B /* KeyChain.swift */,
			);
			path = KeyChain;
			sourceTree = "<group>";
		};
		F7095A632B00F7FF00F0218B /* Constants */ = {
			isa = PBXGroup;
			children = (
				F7095A652B00F82200F0218B /* APIConstants.swift */,
				F72C69052B1AEDB5007B1F8F /* Color.swift */,
			);
			path = Constants;
			sourceTree = "<group>";
		};
		F7095A892B0239A600F0218B /* Post */ = {
			isa = PBXGroup;
			children = (
				F7095A8A2B0239B000F0218B /* PostListViewController.swift */,
				F7B409482B077146006CD373 /* PostDetailViewController.swift */,
			);
			path = Post;
			sourceTree = "<group>";
		};
		F72C69072B1AF077007B1F8F /* Comment */ = {
			isa = PBXGroup;
			children = (
				F72C69082B1AF086007B1F8F /* CommentCreateViewController.swift */,
				F7E33D4C2B25CCB500ACB8D9 /* CommentUpdateViewController.swift */,
			);
			path = Comment;
			sourceTree = "<group>";
		};
		F72C690A2B1AF2D8007B1F8F /* Comment */ = {
			isa = PBXGroup;
			children = (
				F72C690B2B1AF2E3007B1F8F /* CommentCreateView.swift */,
			);
			path = Comment;
			sourceTree = "<group>";
		};
		F72C690D2B1C3EBF007B1F8F /* Comment */ = {
			isa = PBXGroup;
			children = (
				F72C690E2B1C3EC9007B1F8F /* CommentCreateViewModel.swift */,
			);
			path = Comment;
			sourceTree = "<group>";
		};
		F77A0E062B2B2EBC000404FE /* Search */ = {
			isa = PBXGroup;
			children = (
				F77A0E072B2B2EC4000404FE /* SearchView.swift */,
			);
			path = Search;
			sourceTree = "<group>";
		};
		F77A0E092B2B2EE9000404FE /* Search */ = {
			isa = PBXGroup;
			children = (
				F77A0E0A2B2B2EEF000404FE /* SearchViewModel.swift */,
			);
			path = Search;
			sourceTree = "<group>";
		};
		F77A0E0C2B2B32B2000404FE /* Like */ = {
			isa = PBXGroup;
			children = (
				F77A0E0D2B2B32BA000404FE /* LikeView.swift */,
			);
			path = Like;
			sourceTree = "<group>";
		};
		F77A0E0F2B2B32DC000404FE /* Like */ = {
			isa = PBXGroup;
			children = (
				F77A0E102B2B32E2000404FE /* LikeViewModel.swift */,
			);
			path = Like;
			sourceTree = "<group>";
		};
		F77A0E162B2C6FCD000404FE /* Write */ = {
			isa = PBXGroup;
			children = (
				F77A0E172B2C6FD4000404FE /* NewPostWriteView.swift */,
			);
			path = Write;
			sourceTree = "<group>";
		};
		F77A0E192B2C7015000404FE /* Write */ = {
			isa = PBXGroup;
			children = (
				F77A0E1A2B2C701E000404FE /* NewPostWriteViewModel.swift */,
			);
			path = Write;
			sourceTree = "<group>";
		};
		F79D69EA2B2821950059678E /* cell */ = {
			isa = PBXGroup;
			children = (
				F79D69EB2B28219F0059678E /* ProfileChileMyPostListTableViewCell.swift */,
				F7B579682B2DDD100095A432 /* ProfileChildMyFollowerListTableViewCell.swift */,
			);
			path = cell;
			sourceTree = "<group>";
		};
		F79D69FE2B29A6640059678E /* Follow */ = {
			isa = PBXGroup;
			children = (
				F79D69FF2B29A6790059678E /* FollowViewController.swift */,
			);
			path = Follow;
			sourceTree = "<group>";
		};
		F79D6A012B29B7AB0059678E /* Follow */ = {
			isa = PBXGroup;
			children = (
				F79D6A022B29B7B60059678E /* FollowViewModel.swift */,
			);
			path = Follow;
			sourceTree = "<group>";
		};
		F79D6A042B29B7D20059678E /* Follow */ = {
			isa = PBXGroup;
			children = (
				F79D6A052B29B7D90059678E /* FollowView.swift */,
			);
			path = Follow;
			sourceTree = "<group>";
		};
		F79D6A0C2B2AF6000059678E /* Settings */ = {
			isa = PBXGroup;
			children = (
				F79D6A0D2B2AF60C0059678E /* SettingViewController.swift */,
			);
			path = Settings;
			sourceTree = "<group>";
		};
		F79D6A0F2B2B08FF0059678E /* Settting */ = {
			isa = PBXGroup;
			children = (
				F79D6A102B2B090C0059678E /* Cell */,
				F79D6A112B2B09200059678E /* SettingView.swift */,
			);
			path = Settting;
			sourceTree = "<group>";
		};
		F79D6A102B2B090C0059678E /* Cell */ = {
			isa = PBXGroup;
			children = (
				F79D6A162B2B0A120059678E /* SettingTableViewCell.swift */,
			);
			path = Cell;
			sourceTree = "<group>";
		};
		F79D6A132B2B09330059678E /* Setting */ = {
			isa = PBXGroup;
			children = (
				F79D6A142B2B09390059678E /* SettingViewModel.swift */,
			);
			path = Setting;
			sourceTree = "<group>";
		};
		F7A375B12B22A18200810BD9 /* BottomSheet */ = {
			isa = PBXGroup;
			children = (
				F7C032062B209F28002EAF19 /* BottomSheetViewController.swift */,
				F7A375B22B22A2AA00810BD9 /* PostListBottomSheetViewController.swift */,
				F7E33D4A2B25968700ACB8D9 /* CommentStatusModifyBottomSheetController.swift */,
				F79D69FC2B2997EB0059678E /* OtherUserPostBottomSheetViewController.swift */,
			);
			path = BottomSheet;
			sourceTree = "<group>";
		};
		F7A375EA2B22D6B600810BD9 /* Base */ = {
			isa = PBXGroup;
			children = (
				F7B4095D2B09DA33006CD373 /* BasePostListImageCollectionViewCell.swift */,
			);
			path = Base;
			sourceTree = "<group>";
		};
		F7B409422B075A84006CD373 /* CustomController */ = {
			isa = PBXGroup;
			children = (
				F7B409432B076F9D006CD373 /* UITabbarController.swift */,
				F77A0E122B2B6170000404FE /* FullScreenImageViewController.swift */,
			);
			path = CustomController;
			sourceTree = "<group>";
		};
		F7B409452B077091006CD373 /* Sign */ = {
			isa = PBXGroup;
			children = (
				F7095A4F2B00A47600F0218B /* SignUpViewModel.swift */,
				F7095A3E2AFF7D4B00F0218B /* SignInViewModel.swift */,
			);
			path = Sign;
			sourceTree = "<group>";
		};
		F7B4094E2B078CD8006CD373 /* Post */ = {
			isa = PBXGroup;
			children = (
				F7B4094F2B078CE2006CD373 /* PostListViewModel.swift */,
				F7D662892B0DE7ED0039E40F /* PostDetailViewModel.swift */,
				F76EE9442B15D8F4005C6106 /* PostWriteViewModel.swift */,
				F7A375EF2B23427700810BD9 /* PostUpdateViewModel.swift */,
			);
			path = Post;
			sourceTree = "<group>";
		};
		F7B409582B09D980006CD373 /* Sign */ = {
			isa = PBXGroup;
			children = (
				F7095A302AFE513A00F0218B /* SignUpView.swift */,
				F7095A322AFE514300F0218B /* SignInView.swift */,
			);
			path = Sign;
			sourceTree = "<group>";
		};
		F7B409592B09D992006CD373 /* Post */ = {
			isa = PBXGroup;
			children = (
				F7B409532B07958F006CD373 /* PostListView.swift */,
				F76EE92A2B10A293005C6106 /* PostDetailView.swift */,
				F7B4095A2B09D998006CD373 /* Cell */,
				F76EE92C2B10AE12005C6106 /* CommentHeaderView.swift */,
				F76EE9402B1452D8005C6106 /* PostWriteView.swift */,
			);
			path = Post;
			sourceTree = "<group>";
		};
		F7B4095A2B09D998006CD373 /* Cell */ = {
			isa = PBXGroup;
			children = (
				F7A375EA2B22D6B600810BD9 /* Base */,
				F7B4095B2B09D9BC006CD373 /* PostListTableViewCell.swift */,
				F7D6628D2B0DEDA70039E40F /* CommentCollectionViewCell.swift */,
				F76EE92E2B11D9A6005C6106 /* PostWriteCollectionViewCell.swift */,
			);
			path = Cell;
			sourceTree = "<group>";
		};
		F7D662782B0CA4AA0039E40F /* Tools */ = {
			isa = PBXGroup;
			children = (
				F7D662792B0CA4CA0039E40F /* DateHelper.swift */,
			);
			path = Tools;
			sourceTree = "<group>";
		};
		F7D662822B0DC2B10039E40F /* Search */ = {
			isa = PBXGroup;
			children = (
				F7B409462B07713B006CD373 /* SearchViewController.swift */,
			);
			path = Search;
			sourceTree = "<group>";
		};
		F7D662832B0DC2BD0039E40F /* Write */ = {
			isa = PBXGroup;
			children = (
				F7D662872B0DC6B10039E40F /* PostWriteViewController.swift */,
				F7A375EB2B22F7D500810BD9 /* NewPostWriteViewController.swift */,
				F7A375ED2B23411800810BD9 /* PostUpdateViewController.swift */,
			);
			path = Write;
			sourceTree = "<group>";
		};
		F7D662842B0DC2D70039E40F /* Profile */ = {
			isa = PBXGroup;
			children = (
				F7B4094C2B07715A006CD373 /* ProfileViewController.swift */,
				F7E33D5C2B27010100ACB8D9 /* ProfileChildViewController.swift */,
				F7E33D5E2B27017300ACB8D9 /* ProfileChildMyPostListViewController.swift */,
				F7E33D602B27018700ACB8D9 /* ProfileChildMyPostCommentListViewController.swift */,
				F7E33D622B2705EE00ACB8D9 /* ProfileUpdateViewController.swift */,
				F7B579642B2DD9F20095A432 /* ProfileChildMyFollowerViewController.swift */,
				F7B579662B2DD9FD0095A432 /* ProfileChildMyFollowingViewController.swift */,
			);
			path = Profile;
			sourceTree = "<group>";
		};
		F7D662852B0DC2E20039E40F /* Like */ = {
			isa = PBXGroup;
			children = (
				F7B4094A2B07714F006CD373 /* LikeViewController.swift */,
			);
			path = Like;
			sourceTree = "<group>";
		};
		F7E33D4E2B26191300ACB8D9 /* Profile */ = {
			isa = PBXGroup;
			children = (
				F79D69EA2B2821950059678E /* cell */,
				F7E33D4F2B26191B00ACB8D9 /* ProfileView.swift */,
				F7E33D642B27085500ACB8D9 /* ProfileUpdateView.swift */,
				F79D69E82B2821600059678E /* ProfileChileMyPostListView.swift */,
				F79D69EF2B28507C0059678E /* ProfileChileMyPostCommentListView.swift */,
			);
			path = Profile;
			sourceTree = "<group>";
		};
		F7E33D662B2720E700ACB8D9 /* Profile */ = {
			isa = PBXGroup;
			children = (
				F7E33D672B2720EF00ACB8D9 /* ProfileViewModel.swift */,
				F7E33D6B2B2738AF00ACB8D9 /* ProfileUpdateViewModel.swift */,
				F79D69ED2B2821EF0059678E /* ProfileChildMyPostListViewModel.swift */,
				F79D69F12B2850C70059678E /* ProfileChileMaPostCommentListViewModel.swift */,
			);
			path = Profile;
			sourceTree = "<group>";
		};
/* End PBXGroup section */

/* Begin PBXNativeTarget section */
		F70959F42AFE191900F0218B /* PictureFlow */ = {
			isa = PBXNativeTarget;
			buildConfigurationList = F7095A092AFE191A00F0218B /* Build configuration list for PBXNativeTarget "PictureFlow" */;
			buildPhases = (
				F70959F12AFE191900F0218B /* Sources */,
				F70959F22AFE191900F0218B /* Frameworks */,
				F70959F32AFE191900F0218B /* Resources */,
			);
			buildRules = (
			);
			dependencies = (
			);
			name = PictureFlow;
			packageProductDependencies = (
				F7095A162AFE37B200F0218B /* SnapKit */,
				F7095A2C2AFE3EAC00F0218B /* RxCocoa */,
				F7095A2E2AFE3EAC00F0218B /* RxSwift */,
				F7095A3B2AFF713800F0218B /* IQKeyboardManagerSwift */,
				F7095A442AFF887100F0218B /* Kingfisher */,
				F7095A472AFF887C00F0218B /* Alamofire */,
				F7B409562B08D8B7006CD373 /* RxDataSources */,
				F7E33D5A2B26DE9400ACB8D9 /* Tabman */,
			);
			productName = PictureFlow;
			productReference = F70959F52AFE191900F0218B /* PictureFlow.app */;
			productType = "com.apple.product-type.application";
		};
/* End PBXNativeTarget section */

/* Begin PBXProject section */
		F70959ED2AFE191900F0218B /* Project object */ = {
			isa = PBXProject;
			attributes = {
				BuildIndependentTargetsInParallel = 1;
				LastSwiftUpdateCheck = 1500;
				LastUpgradeCheck = 1500;
				TargetAttributes = {
					F70959F42AFE191900F0218B = {
						CreatedOnToolsVersion = 15.0.1;
					};
				};
			};
			buildConfigurationList = F70959F02AFE191900F0218B /* Build configuration list for PBXProject "PictureFlow" */;
			compatibilityVersion = "Xcode 14.0";
			developmentRegion = en;
			hasScannedForEncodings = 0;
			knownRegions = (
				en,
				Base,
			);
			mainGroup = F70959EC2AFE191900F0218B;
			packageReferences = (
				F7095A152AFE37B200F0218B /* XCRemoteSwiftPackageReference "SnapKit" */,
				F7095A2B2AFE3EAC00F0218B /* XCRemoteSwiftPackageReference "RxSwift" */,
				F7095A3A2AFF713800F0218B /* XCRemoteSwiftPackageReference "IQKeyboardManager" */,
				F7095A432AFF887100F0218B /* XCRemoteSwiftPackageReference "Kingfisher" */,
				F7095A462AFF887B00F0218B /* XCRemoteSwiftPackageReference "Alamofire" */,
				F7B409552B08D8B6006CD373 /* XCRemoteSwiftPackageReference "RxDataSources" */,
				F7E33D592B26DE9400ACB8D9 /* XCRemoteSwiftPackageReference "Tabman" */,
			);
			productRefGroup = F70959F62AFE191900F0218B /* Products */;
			projectDirPath = "";
			projectRoot = "";
			targets = (
				F70959F42AFE191900F0218B /* PictureFlow */,
			);
		};
/* End PBXProject section */

/* Begin PBXResourcesBuildPhase section */
		F70959F32AFE191900F0218B /* Resources */ = {
			isa = PBXResourcesBuildPhase;
			buildActionMask = 2147483647;
			files = (
				F7095A0E2AFE1A0A00F0218B /* .gitignore in Resources */,
				F7095A052AFE191A00F0218B /* LaunchScreen.storyboard in Resources */,
				F7095A022AFE191A00F0218B /* Assets.xcassets in Resources */,
			);
			runOnlyForDeploymentPostprocessing = 0;
		};
/* End PBXResourcesBuildPhase section */

/* Begin PBXSourcesBuildPhase section */
		F70959F12AFE191900F0218B /* Sources */ = {
			isa = PBXSourcesBuildPhase;
			buildActionMask = 2147483647;
			files = (
				F79D6A172B2B0A120059678E /* SettingTableViewCell.swift in Sources */,
				F7095A232AFE3CC100F0218B /* SignInViewController.swift in Sources */,
				F77A0E1F2B2CBCC2000404FE /* HashtagTextView.swift in Sources */,
				F7E33D6C2B2738AF00ACB8D9 /* ProfileUpdateViewModel.swift in Sources */,
				F79D69EC2B28219F0059678E /* ProfileChileMyPostListTableViewCell.swift in Sources */,
				F7B4094B2B07714F006CD373 /* LikeViewController.swift in Sources */,
				F7B5796D2B2EC76E0095A432 /* Extension+Notification.swift in Sources */,
				F7E33D5F2B27017300ACB8D9 /* ProfileChildMyPostListViewController.swift in Sources */,
				F7E33D632B2705EE00ACB8D9 /* ProfileUpdateViewController.swift in Sources */,
				F7095A662B00F82200F0218B /* APIConstants.swift in Sources */,
				F7095A522B00BBA400F0218B /* AuthManager.swift in Sources */,
				F72C69132B1C7148007B1F8F /* Extension+CALyer.swift in Sources */,
				F7095A502B00A47600F0218B /* SignUpViewModel.swift in Sources */,
				F79D69EE2B2821EF0059678E /* ProfileChildMyPostListViewModel.swift in Sources */,
				F7B4094D2B07715A006CD373 /* ProfileViewController.swift in Sources */,
				F7E33D4D2B25CCB500ACB8D9 /* CommentUpdateViewController.swift in Sources */,
				F7095A552B00BC3C00F0218B /* UserDefaultsManager.swift in Sources */,
				F7095A602B00C41000F0218B /* KeyChain.swift in Sources */,
				F79D6A152B2B09390059678E /* SettingViewModel.swift in Sources */,
				F7B579652B2DD9F20095A432 /* ProfileChildMyFollowerViewController.swift in Sources */,
				F7A375EC2B22F7D500810BD9 /* NewPostWriteViewController.swift in Sources */,
				F76EE92B2B10A293005C6106 /* PostDetailView.swift in Sources */,
				F77A0E1B2B2C701E000404FE /* NewPostWriteViewModel.swift in Sources */,
				F7B5796B2B2DDFD90095A432 /* Extension+ViewModel.swift in Sources */,
				F77A0E132B2B6170000404FE /* FullScreenImageViewController.swift in Sources */,
				F72C69092B1AF086007B1F8F /* CommentCreateViewController.swift in Sources */,
				F7D6628A2B0DE7ED0039E40F /* PostDetailViewModel.swift in Sources */,
				F7C032072B209F28002EAF19 /* BottomSheetViewController.swift in Sources */,
				F7B579692B2DDD100095A432 /* ProfileChildMyFollowerListTableViewCell.swift in Sources */,
				F79D69F22B2850C70059678E /* ProfileChileMaPostCommentListViewModel.swift in Sources */,
				F7095A252AFE3CFC00F0218B /* SignUpViewController.swift in Sources */,
				F7095A372AFE663E00F0218B /* LoginTextField.swift in Sources */,
				F7B4095C2B09D9BC006CD373 /* PostListTableViewCell.swift in Sources */,
				F7E33D502B26191B00ACB8D9 /* ProfileView.swift in Sources */,
				F7B4095E2B09DA33006CD373 /* BasePostListImageCollectionViewCell.swift in Sources */,
				F7B409442B076F9D006CD373 /* UITabbarController.swift in Sources */,
				F7095A4C2AFF8A9F00F0218B /* Router.swift in Sources */,
				F7095A882B02340600F0218B /* Extension+Date.swift in Sources */,
				F77A0E0B2B2B2EEF000404FE /* SearchViewModel.swift in Sources */,
				F72C690C2B1AF2E3007B1F8F /* CommentCreateView.swift in Sources */,
				F76EE92D2B10AE12005C6106 /* CommentHeaderView.swift in Sources */,
				F70959F92AFE191900F0218B /* AppDelegate.swift in Sources */,
				F7B4093B2B0633EB006CD373 /* ErrorResponse.swift in Sources */,
				F76E422F2B2EECED00A00B27 /* Extension+Rx.swift in Sources */,
				F7B579672B2DD9FD0095A432 /* ProfileChildMyFollowingViewController.swift in Sources */,
				F7D662882B0DC6B10039E40F /* PostWriteViewController.swift in Sources */,
				F79D69FD2B2997EB0059678E /* OtherUserPostBottomSheetViewController.swift in Sources */,
				F79D6A0E2B2AF60C0059678E /* SettingViewController.swift in Sources */,
				F79D6A002B29A6790059678E /* FollowViewController.swift in Sources */,
				F7E33D682B2720EF00ACB8D9 /* ProfileViewModel.swift in Sources */,
				F7E33D612B27018700ACB8D9 /* ProfileChildMyPostCommentListViewController.swift in Sources */,
				F7095A102AFE1A6600F0218B /* APIKey.swift in Sources */,
				F7A375F02B23427700810BD9 /* PostUpdateViewModel.swift in Sources */,
				F72C69062B1AEDB5007B1F8F /* Color.swift in Sources */,
				F7A375EE2B23411800810BD9 /* PostUpdateViewController.swift in Sources */,
				F77A0E182B2C6FD4000404FE /* NewPostWriteView.swift in Sources */,
				F7C031D62B1F7A05002EAF19 /* UserProfileModel.swift in Sources */,
				F72C69042B1AED98007B1F8F /* Extension+UIColor.swift in Sources */,
				F7095A2A2AFE3DE600F0218B /* Extension+UIViewController.swift in Sources */,
				F7095A312AFE513A00F0218B /* SignUpView.swift in Sources */,
				F7095A392AFF6FB700F0218B /* Extension+String.swift in Sources */,
				F7095A8B2B0239B000F0218B /* PostListViewController.swift in Sources */,
				F7B409522B078DA8006CD373 /* PostModel.swift in Sources */,
				F77A0E082B2B2EC4000404FE /* SearchView.swift in Sources */,
				F7B409412B075730006CD373 /* UserVerificationModel.swift in Sources */,
				F7095A1A2AFE3B0700F0218B /* JoinButton.swift in Sources */,
				F77A0E112B2B32E2000404FE /* LikeViewModel.swift in Sources */,
				F72C690F2B1C3EC9007B1F8F /* CommentCreateViewModel.swift in Sources */,
				F7095A4A2AFF89A600F0218B /* Network.swift in Sources */,
				F7095A332AFE514300F0218B /* SignInView.swift in Sources */,
				F7C031D82B205631002EAF19 /* LikeModel.swift in Sources */,
				F79D6A082B29DADE0059678E /* FollowModel.swift in Sources */,
				F7B409492B077146006CD373 /* PostDetailViewController.swift in Sources */,
				F76EE9412B1452D8005C6106 /* PostWriteView.swift in Sources */,
				F7095A422AFF7D9600F0218B /* ViewModelType.swift in Sources */,
				F7E33D4B2B25968700ACB8D9 /* CommentStatusModifyBottomSheetController.swift in Sources */,
				F7E33D5D2B27010100ACB8D9 /* ProfileChildViewController.swift in Sources */,
				F72C69112B1C4146007B1F8F /* CommentModel.swift in Sources */,
				F7E33D652B27085500ACB8D9 /* ProfileUpdateView.swift in Sources */,
				F7D6628E2B0DEDA70039E40F /* CommentCollectionViewCell.swift in Sources */,
				F70959FB2AFE191900F0218B /* SceneDelegate.swift in Sources */,
				F7095A352AFE662E00F0218B /* LoginInputView.swift in Sources */,
				F7095A3F2AFF7D4B00F0218B /* SignInViewModel.swift in Sources */,
				F7B409472B07713B006CD373 /* SearchViewController.swift in Sources */,
				F79D6A062B29B7D90059678E /* FollowView.swift in Sources */,
				F7D6627A2B0CA4CA0039E40F /* DateHelper.swift in Sources */,
				F7B409502B078CE2006CD373 /* PostListViewModel.swift in Sources */,
				F76EE9312B11DA27005C6106 /* ProfileImageView.swift in Sources */,
				F76EE92F2B11D9A6005C6106 /* PostWriteCollectionViewCell.swift in Sources */,
				F79D69E92B2821600059678E /* ProfileChileMyPostListView.swift in Sources */,
				F77A0E0E2B2B32BA000404FE /* LikeView.swift in Sources */,
				F79D6A122B2B09200059678E /* SettingView.swift in Sources */,
				F79D6A032B29B7B60059678E /* FollowViewModel.swift in Sources */,
				F7A375B32B22A2AA00810BD9 /* PostListBottomSheetViewController.swift in Sources */,
				F7B409542B07958F006CD373 /* PostListView.swift in Sources */,
				F76EE9452B15D8F4005C6106 /* PostWriteViewModel.swift in Sources */,
				F79D69F02B28507C0059678E /* ProfileChileMyPostCommentListView.swift in Sources */,
			);
			runOnlyForDeploymentPostprocessing = 0;
		};
/* End PBXSourcesBuildPhase section */

/* Begin PBXVariantGroup section */
		F7095A032AFE191A00F0218B /* LaunchScreen.storyboard */ = {
			isa = PBXVariantGroup;
			children = (
				F7095A042AFE191A00F0218B /* Base */,
			);
			name = LaunchScreen.storyboard;
			sourceTree = "<group>";
		};
/* End PBXVariantGroup section */

/* Begin XCBuildConfiguration section */
		F7095A072AFE191A00F0218B /* Debug */ = {
			isa = XCBuildConfiguration;
			buildSettings = {
				ALWAYS_SEARCH_USER_PATHS = NO;
				ASSETCATALOG_COMPILER_GENERATE_SWIFT_ASSET_SYMBOL_EXTENSIONS = YES;
				CLANG_ANALYZER_NONNULL = YES;
				CLANG_ANALYZER_NUMBER_OBJECT_CONVERSION = YES_AGGRESSIVE;
				CLANG_CXX_LANGUAGE_STANDARD = "gnu++20";
				CLANG_ENABLE_MODULES = YES;
				CLANG_ENABLE_OBJC_ARC = YES;
				CLANG_ENABLE_OBJC_WEAK = YES;
				CLANG_WARN_BLOCK_CAPTURE_AUTORELEASING = YES;
				CLANG_WARN_BOOL_CONVERSION = YES;
				CLANG_WARN_COMMA = YES;
				CLANG_WARN_CONSTANT_CONVERSION = YES;
				CLANG_WARN_DEPRECATED_OBJC_IMPLEMENTATIONS = YES;
				CLANG_WARN_DIRECT_OBJC_ISA_USAGE = YES_ERROR;
				CLANG_WARN_DOCUMENTATION_COMMENTS = YES;
				CLANG_WARN_EMPTY_BODY = YES;
				CLANG_WARN_ENUM_CONVERSION = YES;
				CLANG_WARN_INFINITE_RECURSION = YES;
				CLANG_WARN_INT_CONVERSION = YES;
				CLANG_WARN_NON_LITERAL_NULL_CONVERSION = YES;
				CLANG_WARN_OBJC_IMPLICIT_RETAIN_SELF = YES;
				CLANG_WARN_OBJC_LITERAL_CONVERSION = YES;
				CLANG_WARN_OBJC_ROOT_CLASS = YES_ERROR;
				CLANG_WARN_QUOTED_INCLUDE_IN_FRAMEWORK_HEADER = YES;
				CLANG_WARN_RANGE_LOOP_ANALYSIS = YES;
				CLANG_WARN_STRICT_PROTOTYPES = YES;
				CLANG_WARN_SUSPICIOUS_MOVE = YES;
				CLANG_WARN_UNGUARDED_AVAILABILITY = YES_AGGRESSIVE;
				CLANG_WARN_UNREACHABLE_CODE = YES;
				CLANG_WARN__DUPLICATE_METHOD_MATCH = YES;
				COPY_PHASE_STRIP = NO;
				DEBUG_INFORMATION_FORMAT = dwarf;
				ENABLE_STRICT_OBJC_MSGSEND = YES;
				ENABLE_TESTABILITY = YES;
				ENABLE_USER_SCRIPT_SANDBOXING = YES;
				GCC_C_LANGUAGE_STANDARD = gnu17;
				GCC_DYNAMIC_NO_PIC = NO;
				GCC_NO_COMMON_BLOCKS = YES;
				GCC_OPTIMIZATION_LEVEL = 0;
				GCC_PREPROCESSOR_DEFINITIONS = (
					"DEBUG=1",
					"$(inherited)",
				);
				GCC_WARN_64_TO_32_BIT_CONVERSION = YES;
				GCC_WARN_ABOUT_RETURN_TYPE = YES_ERROR;
				GCC_WARN_UNDECLARED_SELECTOR = YES;
				GCC_WARN_UNINITIALIZED_AUTOS = YES_AGGRESSIVE;
				GCC_WARN_UNUSED_FUNCTION = YES;
				GCC_WARN_UNUSED_VARIABLE = YES;
				IPHONEOS_DEPLOYMENT_TARGET = 17.0;
				LOCALIZATION_PREFERS_STRING_CATALOGS = YES;
				MTL_ENABLE_DEBUG_INFO = INCLUDE_SOURCE;
				MTL_FAST_MATH = YES;
				ONLY_ACTIVE_ARCH = YES;
				SDKROOT = iphoneos;
				SWIFT_ACTIVE_COMPILATION_CONDITIONS = "DEBUG $(inherited)";
				SWIFT_OPTIMIZATION_LEVEL = "-Onone";
			};
			name = Debug;
		};
		F7095A082AFE191A00F0218B /* Release */ = {
			isa = XCBuildConfiguration;
			buildSettings = {
				ALWAYS_SEARCH_USER_PATHS = NO;
				ASSETCATALOG_COMPILER_GENERATE_SWIFT_ASSET_SYMBOL_EXTENSIONS = YES;
				CLANG_ANALYZER_NONNULL = YES;
				CLANG_ANALYZER_NUMBER_OBJECT_CONVERSION = YES_AGGRESSIVE;
				CLANG_CXX_LANGUAGE_STANDARD = "gnu++20";
				CLANG_ENABLE_MODULES = YES;
				CLANG_ENABLE_OBJC_ARC = YES;
				CLANG_ENABLE_OBJC_WEAK = YES;
				CLANG_WARN_BLOCK_CAPTURE_AUTORELEASING = YES;
				CLANG_WARN_BOOL_CONVERSION = YES;
				CLANG_WARN_COMMA = YES;
				CLANG_WARN_CONSTANT_CONVERSION = YES;
				CLANG_WARN_DEPRECATED_OBJC_IMPLEMENTATIONS = YES;
				CLANG_WARN_DIRECT_OBJC_ISA_USAGE = YES_ERROR;
				CLANG_WARN_DOCUMENTATION_COMMENTS = YES;
				CLANG_WARN_EMPTY_BODY = YES;
				CLANG_WARN_ENUM_CONVERSION = YES;
				CLANG_WARN_INFINITE_RECURSION = YES;
				CLANG_WARN_INT_CONVERSION = YES;
				CLANG_WARN_NON_LITERAL_NULL_CONVERSION = YES;
				CLANG_WARN_OBJC_IMPLICIT_RETAIN_SELF = YES;
				CLANG_WARN_OBJC_LITERAL_CONVERSION = YES;
				CLANG_WARN_OBJC_ROOT_CLASS = YES_ERROR;
				CLANG_WARN_QUOTED_INCLUDE_IN_FRAMEWORK_HEADER = YES;
				CLANG_WARN_RANGE_LOOP_ANALYSIS = YES;
				CLANG_WARN_STRICT_PROTOTYPES = YES;
				CLANG_WARN_SUSPICIOUS_MOVE = YES;
				CLANG_WARN_UNGUARDED_AVAILABILITY = YES_AGGRESSIVE;
				CLANG_WARN_UNREACHABLE_CODE = YES;
				CLANG_WARN__DUPLICATE_METHOD_MATCH = YES;
				COPY_PHASE_STRIP = NO;
				DEBUG_INFORMATION_FORMAT = "dwarf-with-dsym";
				ENABLE_NS_ASSERTIONS = NO;
				ENABLE_STRICT_OBJC_MSGSEND = YES;
				ENABLE_USER_SCRIPT_SANDBOXING = YES;
				GCC_C_LANGUAGE_STANDARD = gnu17;
				GCC_NO_COMMON_BLOCKS = YES;
				GCC_WARN_64_TO_32_BIT_CONVERSION = YES;
				GCC_WARN_ABOUT_RETURN_TYPE = YES_ERROR;
				GCC_WARN_UNDECLARED_SELECTOR = YES;
				GCC_WARN_UNINITIALIZED_AUTOS = YES_AGGRESSIVE;
				GCC_WARN_UNUSED_FUNCTION = YES;
				GCC_WARN_UNUSED_VARIABLE = YES;
				IPHONEOS_DEPLOYMENT_TARGET = 17.0;
				LOCALIZATION_PREFERS_STRING_CATALOGS = YES;
				MTL_ENABLE_DEBUG_INFO = NO;
				MTL_FAST_MATH = YES;
				SDKROOT = iphoneos;
				SWIFT_COMPILATION_MODE = wholemodule;
				VALIDATE_PRODUCT = YES;
			};
			name = Release;
		};
		F7095A0A2AFE191A00F0218B /* Debug */ = {
			isa = XCBuildConfiguration;
			buildSettings = {
				ASSETCATALOG_COMPILER_APPICON_NAME = AppIcon;
				ASSETCATALOG_COMPILER_GLOBAL_ACCENT_COLOR_NAME = AccentColor;
				CODE_SIGN_STYLE = Automatic;
				CURRENT_PROJECT_VERSION = 1;
				DEVELOPMENT_TEAM = 2K3Y93YF8Z;
				GENERATE_INFOPLIST_FILE = YES;
				INFOPLIST_FILE = PictureFlow/Info.plist;
				INFOPLIST_KEY_CFBundleDisplayName = FLOW;
				INFOPLIST_KEY_UIApplicationSupportsIndirectInputEvents = YES;
				INFOPLIST_KEY_UILaunchStoryboardName = LaunchScreen;
				INFOPLIST_KEY_UIMainStoryboardFile = "";
				INFOPLIST_KEY_UIStatusBarStyle = "";
				INFOPLIST_KEY_UISupportedInterfaceOrientations = UIInterfaceOrientationPortrait;
				INFOPLIST_KEY_UISupportedInterfaceOrientations_iPad = "UIInterfaceOrientationLandscapeLeft UIInterfaceOrientationLandscapeRight UIInterfaceOrientationPortrait UIInterfaceOrientationPortraitUpsideDown";
				IPHONEOS_DEPLOYMENT_TARGET = 16.0;
				LD_RUNPATH_SEARCH_PATHS = (
					"$(inherited)",
					"@executable_path/Frameworks",
				);
				MARKETING_VERSION = 1.0;
				PRODUCT_BUNDLE_IDENTIFIER = com.hans.PictureFlow;
				PRODUCT_NAME = "$(TARGET_NAME)";
				SUPPORTED_PLATFORMS = "iphoneos iphonesimulator";
				SUPPORTS_MACCATALYST = NO;
				SUPPORTS_MAC_DESIGNED_FOR_IPHONE_IPAD = NO;
				SWIFT_EMIT_LOC_STRINGS = YES;
				SWIFT_VERSION = 5.0;
				TARGETED_DEVICE_FAMILY = 1;
			};
			name = Debug;
		};
		F7095A0B2AFE191A00F0218B /* Release */ = {
			isa = XCBuildConfiguration;
			buildSettings = {
				ASSETCATALOG_COMPILER_APPICON_NAME = AppIcon;
				ASSETCATALOG_COMPILER_GLOBAL_ACCENT_COLOR_NAME = AccentColor;
				CODE_SIGN_STYLE = Automatic;
				CURRENT_PROJECT_VERSION = 1;
				DEVELOPMENT_TEAM = 2K3Y93YF8Z;
				GENERATE_INFOPLIST_FILE = YES;
				INFOPLIST_FILE = PictureFlow/Info.plist;
				INFOPLIST_KEY_CFBundleDisplayName = FLOW;
				INFOPLIST_KEY_UIApplicationSupportsIndirectInputEvents = YES;
				INFOPLIST_KEY_UILaunchStoryboardName = LaunchScreen;
				INFOPLIST_KEY_UIMainStoryboardFile = "";
				INFOPLIST_KEY_UIStatusBarStyle = "";
				INFOPLIST_KEY_UISupportedInterfaceOrientations = UIInterfaceOrientationPortrait;
				INFOPLIST_KEY_UISupportedInterfaceOrientations_iPad = "UIInterfaceOrientationLandscapeLeft UIInterfaceOrientationLandscapeRight UIInterfaceOrientationPortrait UIInterfaceOrientationPortraitUpsideDown";
				IPHONEOS_DEPLOYMENT_TARGET = 16.0;
				LD_RUNPATH_SEARCH_PATHS = (
					"$(inherited)",
					"@executable_path/Frameworks",
				);
				MARKETING_VERSION = 1.0;
				PRODUCT_BUNDLE_IDENTIFIER = com.hans.PictureFlow;
				PRODUCT_NAME = "$(TARGET_NAME)";
				SUPPORTED_PLATFORMS = "iphoneos iphonesimulator";
				SUPPORTS_MACCATALYST = NO;
				SUPPORTS_MAC_DESIGNED_FOR_IPHONE_IPAD = NO;
				SWIFT_EMIT_LOC_STRINGS = YES;
				SWIFT_VERSION = 5.0;
				TARGETED_DEVICE_FAMILY = 1;
			};
			name = Release;
		};
/* End XCBuildConfiguration section */

/* Begin XCConfigurationList section */
		F70959F02AFE191900F0218B /* Build configuration list for PBXProject "PictureFlow" */ = {
			isa = XCConfigurationList;
			buildConfigurations = (
				F7095A072AFE191A00F0218B /* Debug */,
				F7095A082AFE191A00F0218B /* Release */,
			);
			defaultConfigurationIsVisible = 0;
			defaultConfigurationName = Release;
		};
		F7095A092AFE191A00F0218B /* Build configuration list for PBXNativeTarget "PictureFlow" */ = {
			isa = XCConfigurationList;
			buildConfigurations = (
				F7095A0A2AFE191A00F0218B /* Debug */,
				F7095A0B2AFE191A00F0218B /* Release */,
			);
			defaultConfigurationIsVisible = 0;
			defaultConfigurationName = Release;
		};
/* End XCConfigurationList section */

/* Begin XCRemoteSwiftPackageReference section */
		F7095A152AFE37B200F0218B /* XCRemoteSwiftPackageReference "SnapKit" */ = {
			isa = XCRemoteSwiftPackageReference;
			repositoryURL = "https://github.com/SnapKit/SnapKit.git";
			requirement = {
				kind = upToNextMajorVersion;
				minimumVersion = 5.6.0;
			};
		};
		F7095A2B2AFE3EAC00F0218B /* XCRemoteSwiftPackageReference "RxSwift" */ = {
			isa = XCRemoteSwiftPackageReference;
			repositoryURL = "https://github.com/ReactiveX/RxSwift.git";
			requirement = {
				kind = upToNextMajorVersion;
				minimumVersion = 6.6.0;
			};
		};
		F7095A3A2AFF713800F0218B /* XCRemoteSwiftPackageReference "IQKeyboardManager" */ = {
			isa = XCRemoteSwiftPackageReference;
			repositoryURL = "https://github.com/hackiftekhar/IQKeyboardManager.git";
			requirement = {
				kind = upToNextMajorVersion;
				minimumVersion = 6.5.16;
			};
		};
		F7095A432AFF887100F0218B /* XCRemoteSwiftPackageReference "Kingfisher" */ = {
			isa = XCRemoteSwiftPackageReference;
			repositoryURL = "https://github.com/onevcat/Kingfisher.git";
			requirement = {
				kind = upToNextMajorVersion;
				minimumVersion = 7.10.0;
			};
		};
		F7095A462AFF887B00F0218B /* XCRemoteSwiftPackageReference "Alamofire" */ = {
			isa = XCRemoteSwiftPackageReference;
			repositoryURL = "https://github.com/Alamofire/Alamofire.git";
			requirement = {
				kind = upToNextMajorVersion;
				minimumVersion = 5.8.1;
			};
		};
		F7B409552B08D8B6006CD373 /* XCRemoteSwiftPackageReference "RxDataSources" */ = {
			isa = XCRemoteSwiftPackageReference;
			repositoryURL = "https://github.com/RxSwiftCommunity/RxDataSources";
			requirement = {
				kind = upToNextMajorVersion;
				minimumVersion = 5.0.2;
			};
		};
		F7E33D592B26DE9400ACB8D9 /* XCRemoteSwiftPackageReference "Tabman" */ = {
			isa = XCRemoteSwiftPackageReference;
			repositoryURL = "https://github.com/uias/Tabman.git";
			requirement = {
				kind = upToNextMajorVersion;
				minimumVersion = 3.0.2;
			};
		};
/* End XCRemoteSwiftPackageReference section */

/* Begin XCSwiftPackageProductDependency section */
		F7095A162AFE37B200F0218B /* SnapKit */ = {
			isa = XCSwiftPackageProductDependency;
			package = F7095A152AFE37B200F0218B /* XCRemoteSwiftPackageReference "SnapKit" */;
			productName = SnapKit;
		};
		F7095A2C2AFE3EAC00F0218B /* RxCocoa */ = {
			isa = XCSwiftPackageProductDependency;
			package = F7095A2B2AFE3EAC00F0218B /* XCRemoteSwiftPackageReference "RxSwift" */;
			productName = RxCocoa;
		};
		F7095A2E2AFE3EAC00F0218B /* RxSwift */ = {
			isa = XCSwiftPackageProductDependency;
			package = F7095A2B2AFE3EAC00F0218B /* XCRemoteSwiftPackageReference "RxSwift" */;
			productName = RxSwift;
		};
		F7095A3B2AFF713800F0218B /* IQKeyboardManagerSwift */ = {
			isa = XCSwiftPackageProductDependency;
			package = F7095A3A2AFF713800F0218B /* XCRemoteSwiftPackageReference "IQKeyboardManager" */;
			productName = IQKeyboardManagerSwift;
		};
		F7095A442AFF887100F0218B /* Kingfisher */ = {
			isa = XCSwiftPackageProductDependency;
			package = F7095A432AFF887100F0218B /* XCRemoteSwiftPackageReference "Kingfisher" */;
			productName = Kingfisher;
		};
		F7095A472AFF887C00F0218B /* Alamofire */ = {
			isa = XCSwiftPackageProductDependency;
			package = F7095A462AFF887B00F0218B /* XCRemoteSwiftPackageReference "Alamofire" */;
			productName = Alamofire;
		};
		F7B409562B08D8B7006CD373 /* RxDataSources */ = {
			isa = XCSwiftPackageProductDependency;
			package = F7B409552B08D8B6006CD373 /* XCRemoteSwiftPackageReference "RxDataSources" */;
			productName = RxDataSources;
		};
		F7E33D5A2B26DE9400ACB8D9 /* Tabman */ = {
			isa = XCSwiftPackageProductDependency;
			package = F7E33D592B26DE9400ACB8D9 /* XCRemoteSwiftPackageReference "Tabman" */;
			productName = Tabman;
		};
/* End XCSwiftPackageProductDependency section */
	};
	rootObject = F70959ED2AFE191900F0218B /* Project object */;
}
