// !$*UTF8*$!
{
	archiveVersion = 1;
	classes = {
	};
	objectVersion = 56;
	objects = {

/* Begin PBXBuildFile section */
		F70959F92AFE191900F0218B /* AppDelegate.swift in Sources */ = {isa = PBXBuildFile; fileRef = F70959F82AFE191900F0218B /* AppDelegate.swift */; };
		F70959FB2AFE191900F0218B /* SceneDelegate.swift in Sources */ = {isa = PBXBuildFile; fileRef = F70959FA2AFE191900F0218B /* SceneDelegate.swift */; };
		F70959FD2AFE191900F0218B /* JoinViewController.swift in Sources */ = {isa = PBXBuildFile; fileRef = F70959FC2AFE191900F0218B /* JoinViewController.swift */; };
		F7095A022AFE191A00F0218B /* Assets.xcassets in Resources */ = {isa = PBXBuildFile; fileRef = F7095A012AFE191A00F0218B /* Assets.xcassets */; };
		F7095A052AFE191A00F0218B /* LaunchScreen.storyboard in Resources */ = {isa = PBXBuildFile; fileRef = F7095A032AFE191A00F0218B /* LaunchScreen.storyboard */; };
		F7095A0E2AFE1A0A00F0218B /* .gitignore in Resources */ = {isa = PBXBuildFile; fileRef = F7095A0D2AFE1A0A00F0218B /* .gitignore */; };
		F7095A102AFE1A6600F0218B /* APIKey.swift in Sources */ = {isa = PBXBuildFile; fileRef = F7095A0F2AFE1A6600F0218B /* APIKey.swift */; };
		F7095A142AFE374D00F0218B /* JoinView.swift in Sources */ = {isa = PBXBuildFile; fileRef = F7095A132AFE374D00F0218B /* JoinView.swift */; };
		F7095A172AFE37B200F0218B /* SnapKit in Frameworks */ = {isa = PBXBuildFile; productRef = F7095A162AFE37B200F0218B /* SnapKit */; };
		F7095A1A2AFE3B0700F0218B /* JoinButton.swift in Sources */ = {isa = PBXBuildFile; fileRef = F7095A192AFE3B0700F0218B /* JoinButton.swift */; };
		F7095A232AFE3CC100F0218B /* SignInViewController.swift in Sources */ = {isa = PBXBuildFile; fileRef = F7095A222AFE3CC100F0218B /* SignInViewController.swift */; };
		F7095A252AFE3CFC00F0218B /* SignUpViewController.swift in Sources */ = {isa = PBXBuildFile; fileRef = F7095A242AFE3CFC00F0218B /* SignUpViewController.swift */; };
		F7095A2A2AFE3DE600F0218B /* Extension+UIViewController.swift in Sources */ = {isa = PBXBuildFile; fileRef = F7095A292AFE3DE600F0218B /* Extension+UIViewController.swift */; };
		F7095A2D2AFE3EAC00F0218B /* RxCocoa in Frameworks */ = {isa = PBXBuildFile; productRef = F7095A2C2AFE3EAC00F0218B /* RxCocoa */; };
		F7095A2F2AFE3EAC00F0218B /* RxSwift in Frameworks */ = {isa = PBXBuildFile; productRef = F7095A2E2AFE3EAC00F0218B /* RxSwift */; };
		F7095A312AFE513A00F0218B /* SignUpView.swift in Sources */ = {isa = PBXBuildFile; fileRef = F7095A302AFE513A00F0218B /* SignUpView.swift */; };
		F7095A332AFE514300F0218B /* SignInView.swift in Sources */ = {isa = PBXBuildFile; fileRef = F7095A322AFE514300F0218B /* SignInView.swift */; };
		F7095A352AFE662E00F0218B /* LoginInputView.swift in Sources */ = {isa = PBXBuildFile; fileRef = F7095A342AFE662E00F0218B /* LoginInputView.swift */; };
		F7095A372AFE663E00F0218B /* LoginTextField.swift in Sources */ = {isa = PBXBuildFile; fileRef = F7095A362AFE663E00F0218B /* LoginTextField.swift */; };
		F7095A392AFF6FB700F0218B /* Extension+String.swift in Sources */ = {isa = PBXBuildFile; fileRef = F7095A382AFF6FB700F0218B /* Extension+String.swift */; };
		F7095A3C2AFF713800F0218B /* IQKeyboardManagerSwift in Frameworks */ = {isa = PBXBuildFile; productRef = F7095A3B2AFF713800F0218B /* IQKeyboardManagerSwift */; };
		F7095A3F2AFF7D4B00F0218B /* SignInViewModel.swift in Sources */ = {isa = PBXBuildFile; fileRef = F7095A3E2AFF7D4B00F0218B /* SignInViewModel.swift */; };
		F7095A422AFF7D9600F0218B /* ViewModelType.swift in Sources */ = {isa = PBXBuildFile; fileRef = F7095A412AFF7D9600F0218B /* ViewModelType.swift */; };
		F7095A452AFF887100F0218B /* Kingfisher in Frameworks */ = {isa = PBXBuildFile; productRef = F7095A442AFF887100F0218B /* Kingfisher */; };
		F7095A482AFF887C00F0218B /* Alamofire in Frameworks */ = {isa = PBXBuildFile; productRef = F7095A472AFF887C00F0218B /* Alamofire */; };
		F7095A4A2AFF89A600F0218B /* Network.swift in Sources */ = {isa = PBXBuildFile; fileRef = F7095A492AFF89A600F0218B /* Network.swift */; };
		F7095A4C2AFF8A9F00F0218B /* Router.swift in Sources */ = {isa = PBXBuildFile; fileRef = F7095A4B2AFF8A9F00F0218B /* Router.swift */; };
		F7095A502B00A47600F0218B /* SignUpViewModel.swift in Sources */ = {isa = PBXBuildFile; fileRef = F7095A4F2B00A47600F0218B /* SignUpViewModel.swift */; };
		F7095A522B00BBA400F0218B /* AuthManager.swift in Sources */ = {isa = PBXBuildFile; fileRef = F7095A512B00BBA400F0218B /* AuthManager.swift */; };
		F7095A552B00BC3C00F0218B /* UserDefaultsManager.swift in Sources */ = {isa = PBXBuildFile; fileRef = F7095A542B00BC3C00F0218B /* UserDefaultsManager.swift */; };
		F7095A602B00C41000F0218B /* KeyChain.swift in Sources */ = {isa = PBXBuildFile; fileRef = F7095A5F2B00C41000F0218B /* KeyChain.swift */; };
		F7095A662B00F82200F0218B /* APIConstants.swift in Sources */ = {isa = PBXBuildFile; fileRef = F7095A652B00F82200F0218B /* APIConstants.swift */; };
		F7095A882B02340600F0218B /* Extension+Date.swift in Sources */ = {isa = PBXBuildFile; fileRef = F7095A872B02340600F0218B /* Extension+Date.swift */; };
		F7095A8B2B0239B000F0218B /* PostListViewController.swift in Sources */ = {isa = PBXBuildFile; fileRef = F7095A8A2B0239B000F0218B /* PostListViewController.swift */; };
		F7B4093B2B0633EB006CD373 /* ErrorResponse.swift in Sources */ = {isa = PBXBuildFile; fileRef = F7B4093A2B0633EB006CD373 /* ErrorResponse.swift */; };
		F7B409412B075730006CD373 /* UserVerification.swift in Sources */ = {isa = PBXBuildFile; fileRef = F7B409402B075730006CD373 /* UserVerification.swift */; };
		F7B409442B076F9D006CD373 /* UITabbarController.swift in Sources */ = {isa = PBXBuildFile; fileRef = F7B409432B076F9D006CD373 /* UITabbarController.swift */; };
		F7B409472B07713B006CD373 /* SearchViewController.swift in Sources */ = {isa = PBXBuildFile; fileRef = F7B409462B07713B006CD373 /* SearchViewController.swift */; };
		F7B409492B077146006CD373 /* PostViewController.swift in Sources */ = {isa = PBXBuildFile; fileRef = F7B409482B077146006CD373 /* PostViewController.swift */; };
		F7B4094B2B07714F006CD373 /* LikeViewController.swift in Sources */ = {isa = PBXBuildFile; fileRef = F7B4094A2B07714F006CD373 /* LikeViewController.swift */; };
		F7B4094D2B07715A006CD373 /* ProfileViewController.swift in Sources */ = {isa = PBXBuildFile; fileRef = F7B4094C2B07715A006CD373 /* ProfileViewController.swift */; };
		F7B409502B078CE2006CD373 /* PostListViewModel.swift in Sources */ = {isa = PBXBuildFile; fileRef = F7B4094F2B078CE2006CD373 /* PostListViewModel.swift */; };
		F7B409522B078DA8006CD373 /* Post.swift in Sources */ = {isa = PBXBuildFile; fileRef = F7B409512B078DA8006CD373 /* Post.swift */; };
		F7B409542B07958F006CD373 /* PostListView.swift in Sources */ = {isa = PBXBuildFile; fileRef = F7B409532B07958F006CD373 /* PostListView.swift */; };
/* End PBXBuildFile section */

/* Begin PBXFileReference section */
		F70959F52AFE191900F0218B /* PictureFlow.app */ = {isa = PBXFileReference; explicitFileType = wrapper.application; includeInIndex = 0; path = PictureFlow.app; sourceTree = BUILT_PRODUCTS_DIR; };
		F70959F82AFE191900F0218B /* AppDelegate.swift */ = {isa = PBXFileReference; lastKnownFileType = sourcecode.swift; path = AppDelegate.swift; sourceTree = "<group>"; };
		F70959FA2AFE191900F0218B /* SceneDelegate.swift */ = {isa = PBXFileReference; lastKnownFileType = sourcecode.swift; path = SceneDelegate.swift; sourceTree = "<group>"; };
		F70959FC2AFE191900F0218B /* JoinViewController.swift */ = {isa = PBXFileReference; lastKnownFileType = sourcecode.swift; path = JoinViewController.swift; sourceTree = "<group>"; };
		F7095A012AFE191A00F0218B /* Assets.xcassets */ = {isa = PBXFileReference; lastKnownFileType = folder.assetcatalog; path = Assets.xcassets; sourceTree = "<group>"; };
		F7095A042AFE191A00F0218B /* Base */ = {isa = PBXFileReference; lastKnownFileType = file.storyboard; name = Base; path = Base.lproj/LaunchScreen.storyboard; sourceTree = "<group>"; };
		F7095A062AFE191A00F0218B /* Info.plist */ = {isa = PBXFileReference; lastKnownFileType = text.plist.xml; path = Info.plist; sourceTree = "<group>"; };
		F7095A0D2AFE1A0A00F0218B /* .gitignore */ = {isa = PBXFileReference; lastKnownFileType = text; path = .gitignore; sourceTree = "<group>"; };
		F7095A0F2AFE1A6600F0218B /* APIKey.swift */ = {isa = PBXFileReference; lastKnownFileType = sourcecode.swift; path = APIKey.swift; sourceTree = "<group>"; };
		F7095A132AFE374D00F0218B /* JoinView.swift */ = {isa = PBXFileReference; lastKnownFileType = sourcecode.swift; path = JoinView.swift; sourceTree = "<group>"; };
		F7095A192AFE3B0700F0218B /* JoinButton.swift */ = {isa = PBXFileReference; lastKnownFileType = sourcecode.swift; path = JoinButton.swift; sourceTree = "<group>"; };
		F7095A222AFE3CC100F0218B /* SignInViewController.swift */ = {isa = PBXFileReference; lastKnownFileType = sourcecode.swift; path = SignInViewController.swift; sourceTree = "<group>"; };
		F7095A242AFE3CFC00F0218B /* SignUpViewController.swift */ = {isa = PBXFileReference; lastKnownFileType = sourcecode.swift; path = SignUpViewController.swift; sourceTree = "<group>"; };
		F7095A292AFE3DE600F0218B /* Extension+UIViewController.swift */ = {isa = PBXFileReference; lastKnownFileType = sourcecode.swift; path = "Extension+UIViewController.swift"; sourceTree = "<group>"; };
		F7095A302AFE513A00F0218B /* SignUpView.swift */ = {isa = PBXFileReference; lastKnownFileType = sourcecode.swift; path = SignUpView.swift; sourceTree = "<group>"; };
		F7095A322AFE514300F0218B /* SignInView.swift */ = {isa = PBXFileReference; lastKnownFileType = sourcecode.swift; path = SignInView.swift; sourceTree = "<group>"; };
		F7095A342AFE662E00F0218B /* LoginInputView.swift */ = {isa = PBXFileReference; lastKnownFileType = sourcecode.swift; path = LoginInputView.swift; sourceTree = "<group>"; };
		F7095A362AFE663E00F0218B /* LoginTextField.swift */ = {isa = PBXFileReference; lastKnownFileType = sourcecode.swift; path = LoginTextField.swift; sourceTree = "<group>"; };
		F7095A382AFF6FB700F0218B /* Extension+String.swift */ = {isa = PBXFileReference; lastKnownFileType = sourcecode.swift; path = "Extension+String.swift"; sourceTree = "<group>"; };
		F7095A3E2AFF7D4B00F0218B /* SignInViewModel.swift */ = {isa = PBXFileReference; lastKnownFileType = sourcecode.swift; path = SignInViewModel.swift; sourceTree = "<group>"; };
		F7095A412AFF7D9600F0218B /* ViewModelType.swift */ = {isa = PBXFileReference; lastKnownFileType = sourcecode.swift; path = ViewModelType.swift; sourceTree = "<group>"; };
		F7095A492AFF89A600F0218B /* Network.swift */ = {isa = PBXFileReference; lastKnownFileType = sourcecode.swift; path = Network.swift; sourceTree = "<group>"; };
		F7095A4B2AFF8A9F00F0218B /* Router.swift */ = {isa = PBXFileReference; lastKnownFileType = sourcecode.swift; path = Router.swift; sourceTree = "<group>"; };
		F7095A4F2B00A47600F0218B /* SignUpViewModel.swift */ = {isa = PBXFileReference; lastKnownFileType = sourcecode.swift; path = SignUpViewModel.swift; sourceTree = "<group>"; };
		F7095A512B00BBA400F0218B /* AuthManager.swift */ = {isa = PBXFileReference; lastKnownFileType = sourcecode.swift; path = AuthManager.swift; sourceTree = "<group>"; };
		F7095A542B00BC3C00F0218B /* UserDefaultsManager.swift */ = {isa = PBXFileReference; lastKnownFileType = sourcecode.swift; path = UserDefaultsManager.swift; sourceTree = "<group>"; };
		F7095A5F2B00C41000F0218B /* KeyChain.swift */ = {isa = PBXFileReference; lastKnownFileType = sourcecode.swift; path = KeyChain.swift; sourceTree = "<group>"; };
		F7095A652B00F82200F0218B /* APIConstants.swift */ = {isa = PBXFileReference; lastKnownFileType = sourcecode.swift; path = APIConstants.swift; sourceTree = "<group>"; };
		F7095A872B02340600F0218B /* Extension+Date.swift */ = {isa = PBXFileReference; lastKnownFileType = sourcecode.swift; path = "Extension+Date.swift"; sourceTree = "<group>"; };
		F7095A8A2B0239B000F0218B /* PostListViewController.swift */ = {isa = PBXFileReference; lastKnownFileType = sourcecode.swift; path = PostListViewController.swift; sourceTree = "<group>"; };
		F7B4093A2B0633EB006CD373 /* ErrorResponse.swift */ = {isa = PBXFileReference; lastKnownFileType = sourcecode.swift; path = ErrorResponse.swift; sourceTree = "<group>"; };
		F7B409402B075730006CD373 /* UserVerification.swift */ = {isa = PBXFileReference; lastKnownFileType = sourcecode.swift; path = UserVerification.swift; sourceTree = "<group>"; };
		F7B409432B076F9D006CD373 /* UITabbarController.swift */ = {isa = PBXFileReference; lastKnownFileType = sourcecode.swift; path = UITabbarController.swift; sourceTree = "<group>"; };
		F7B409462B07713B006CD373 /* SearchViewController.swift */ = {isa = PBXFileReference; lastKnownFileType = sourcecode.swift; path = SearchViewController.swift; sourceTree = "<group>"; };
		F7B409482B077146006CD373 /* PostViewController.swift */ = {isa = PBXFileReference; lastKnownFileType = sourcecode.swift; path = PostViewController.swift; sourceTree = "<group>"; };
		F7B4094A2B07714F006CD373 /* LikeViewController.swift */ = {isa = PBXFileReference; lastKnownFileType = sourcecode.swift; path = LikeViewController.swift; sourceTree = "<group>"; };
		F7B4094C2B07715A006CD373 /* ProfileViewController.swift */ = {isa = PBXFileReference; lastKnownFileType = sourcecode.swift; path = ProfileViewController.swift; sourceTree = "<group>"; };
		F7B4094F2B078CE2006CD373 /* PostListViewModel.swift */ = {isa = PBXFileReference; lastKnownFileType = sourcecode.swift; path = PostListViewModel.swift; sourceTree = "<group>"; };
		F7B409512B078DA8006CD373 /* Post.swift */ = {isa = PBXFileReference; lastKnownFileType = sourcecode.swift; path = Post.swift; sourceTree = "<group>"; };
		F7B409532B07958F006CD373 /* PostListView.swift */ = {isa = PBXFileReference; lastKnownFileType = sourcecode.swift; path = PostListView.swift; sourceTree = "<group>"; };
/* End PBXFileReference section */

/* Begin PBXFrameworksBuildPhase section */
		F70959F22AFE191900F0218B /* Frameworks */ = {
			isa = PBXFrameworksBuildPhase;
			buildActionMask = 2147483647;
			files = (
				F7095A2F2AFE3EAC00F0218B /* RxSwift in Frameworks */,
				F7095A3C2AFF713800F0218B /* IQKeyboardManagerSwift in Frameworks */,
				F7095A2D2AFE3EAC00F0218B /* RxCocoa in Frameworks */,
				F7095A482AFF887C00F0218B /* Alamofire in Frameworks */,
				F7095A172AFE37B200F0218B /* SnapKit in Frameworks */,
				F7095A452AFF887100F0218B /* Kingfisher in Frameworks */,
			);
			runOnlyForDeploymentPostprocessing = 0;
		};
/* End PBXFrameworksBuildPhase section */

/* Begin PBXGroup section */
		F70959EC2AFE191900F0218B = {
			isa = PBXGroup;
			children = (
				F70959F72AFE191900F0218B /* PictureFlow */,
				F70959F62AFE191900F0218B /* Products */,
			);
			sourceTree = "<group>";
		};
		F70959F62AFE191900F0218B /* Products */ = {
			isa = PBXGroup;
			children = (
				F70959F52AFE191900F0218B /* PictureFlow.app */,
			);
			name = Products;
			sourceTree = "<group>";
		};
		F70959F72AFE191900F0218B /* PictureFlow */ = {
			isa = PBXGroup;
			children = (
				F70959F82AFE191900F0218B /* AppDelegate.swift */,
				F70959FA2AFE191900F0218B /* SceneDelegate.swift */,
				F7095A5E2B00C15A00F0218B /* KeyChain */,
				F7095A562B00C10000F0218B /* Domain */,
				F7095A0C2AFE19E300F0218B /* Network */,
				F7095A272AFE3D7400F0218B /* Helper */,
				F7095A122AFE372100F0218B /* Views */,
				F7095A112AFE1D2B00F0218B /* Controllers */,
				F7095A3D2AFF7D1800F0218B /* ViewModels */,
				F7095A012AFE191A00F0218B /* Assets.xcassets */,
				F7095A032AFE191A00F0218B /* LaunchScreen.storyboard */,
				F7095A062AFE191A00F0218B /* Info.plist */,
				F7095A0D2AFE1A0A00F0218B /* .gitignore */,
			);
			path = PictureFlow;
			sourceTree = "<group>";
		};
		F7095A0C2AFE19E300F0218B /* Network */ = {
			isa = PBXGroup;
			children = (
				F7095A0F2AFE1A6600F0218B /* APIKey.swift */,
				F7095A492AFF89A600F0218B /* Network.swift */,
				F7095A4B2AFF8A9F00F0218B /* Router.swift */,
				F7095A512B00BBA400F0218B /* AuthManager.swift */,
			);
			path = Network;
			sourceTree = "<group>";
		};
		F7095A112AFE1D2B00F0218B /* Controllers */ = {
			isa = PBXGroup;
			children = (
				F7B409422B075A84006CD373 /* CustomController */,
				F7095A892B0239A600F0218B /* Home */,
				F7095A262AFE3D2600F0218B /* Sign */,
			);
			path = Controllers;
			sourceTree = "<group>";
		};
		F7095A122AFE372100F0218B /* Views */ = {
			isa = PBXGroup;
			children = (
				F7095A182AFE381300F0218B /* CustomView */,
				F7095A132AFE374D00F0218B /* JoinView.swift */,
				F7095A302AFE513A00F0218B /* SignUpView.swift */,
				F7095A322AFE514300F0218B /* SignInView.swift */,
				F7B409532B07958F006CD373 /* PostListView.swift */,
			);
			path = Views;
			sourceTree = "<group>";
		};
		F7095A182AFE381300F0218B /* CustomView */ = {
			isa = PBXGroup;
			children = (
				F7095A192AFE3B0700F0218B /* JoinButton.swift */,
				F7095A342AFE662E00F0218B /* LoginInputView.swift */,
				F7095A362AFE663E00F0218B /* LoginTextField.swift */,
			);
			path = CustomView;
			sourceTree = "<group>";
		};
		F7095A262AFE3D2600F0218B /* Sign */ = {
			isa = PBXGroup;
			children = (
				F70959FC2AFE191900F0218B /* JoinViewController.swift */,
				F7095A242AFE3CFC00F0218B /* SignUpViewController.swift */,
				F7095A222AFE3CC100F0218B /* SignInViewController.swift */,
			);
			path = Sign;
			sourceTree = "<group>";
		};
		F7095A272AFE3D7400F0218B /* Helper */ = {
			isa = PBXGroup;
			children = (
				F7095A632B00F7FF00F0218B /* Constants */,
				F7095A532B00BC2D00F0218B /* Repository */,
				F7095A402AFF7D8D00F0218B /* Protocol */,
				F7095A282AFE3DD800F0218B /* Extension */,
			);
			path = Helper;
			sourceTree = "<group>";
		};
		F7095A282AFE3DD800F0218B /* Extension */ = {
			isa = PBXGroup;
			children = (
				F7095A292AFE3DE600F0218B /* Extension+UIViewController.swift */,
				F7095A382AFF6FB700F0218B /* Extension+String.swift */,
				F7095A872B02340600F0218B /* Extension+Date.swift */,
			);
			path = Extension;
			sourceTree = "<group>";
		};
		F7095A3D2AFF7D1800F0218B /* ViewModels */ = {
			isa = PBXGroup;
			children = (
				F7B4094E2B078CD8006CD373 /* Home */,
				F7B409452B077091006CD373 /* Sign */,
			);
			path = ViewModels;
			sourceTree = "<group>";
		};
		F7095A402AFF7D8D00F0218B /* Protocol */ = {
			isa = PBXGroup;
			children = (
				F7095A412AFF7D9600F0218B /* ViewModelType.swift */,
			);
			path = Protocol;
			sourceTree = "<group>";
		};
		F7095A532B00BC2D00F0218B /* Repository */ = {
			isa = PBXGroup;
			children = (
				F7095A542B00BC3C00F0218B /* UserDefaultsManager.swift */,
			);
			path = Repository;
			sourceTree = "<group>";
		};
		F7095A562B00C10000F0218B /* Domain */ = {
			isa = PBXGroup;
			children = (
				F7095A592B00C11C00F0218B /* Models */,
			);
			path = Domain;
			sourceTree = "<group>";
		};
		F7095A592B00C11C00F0218B /* Models */ = {
			isa = PBXGroup;
			children = (
				F7B409402B075730006CD373 /* UserVerification.swift */,
				F7B409512B078DA8006CD373 /* Post.swift */,
				F7B4093A2B0633EB006CD373 /* ErrorResponse.swift */,
			);
			path = Models;
			sourceTree = "<group>";
		};
		F7095A5E2B00C15A00F0218B /* KeyChain */ = {
			isa = PBXGroup;
			children = (
				F7095A5F2B00C41000F0218B /* KeyChain.swift */,
			);
			path = KeyChain;
			sourceTree = "<group>";
		};
		F7095A632B00F7FF00F0218B /* Constants */ = {
			isa = PBXGroup;
			children = (
				F7095A652B00F82200F0218B /* APIConstants.swift */,
			);
			path = Constants;
			sourceTree = "<group>";
		};
		F7095A892B0239A600F0218B /* Home */ = {
			isa = PBXGroup;
			children = (
				F7095A8A2B0239B000F0218B /* PostListViewController.swift */,
				F7B409462B07713B006CD373 /* SearchViewController.swift */,
				F7B409482B077146006CD373 /* PostViewController.swift */,
				F7B4094A2B07714F006CD373 /* LikeViewController.swift */,
				F7B4094C2B07715A006CD373 /* ProfileViewController.swift */,
			);
			path = Home;
			sourceTree = "<group>";
		};
		F7B409422B075A84006CD373 /* CustomController */ = {
			isa = PBXGroup;
			children = (
				F7B409432B076F9D006CD373 /* UITabbarController.swift */,
			);
			path = CustomController;
			sourceTree = "<group>";
		};
		F7B409452B077091006CD373 /* Sign */ = {
			isa = PBXGroup;
			children = (
				F7095A4F2B00A47600F0218B /* SignUpViewModel.swift */,
				F7095A3E2AFF7D4B00F0218B /* SignInViewModel.swift */,
			);
			path = Sign;
			sourceTree = "<group>";
		};
		F7B4094E2B078CD8006CD373 /* Home */ = {
			isa = PBXGroup;
			children = (
				F7B4094F2B078CE2006CD373 /* PostListViewModel.swift */,
			);
			path = Home;
			sourceTree = "<group>";
		};
/* End PBXGroup section */

/* Begin PBXNativeTarget section */
		F70959F42AFE191900F0218B /* PictureFlow */ = {
			isa = PBXNativeTarget;
			buildConfigurationList = F7095A092AFE191A00F0218B /* Build configuration list for PBXNativeTarget "PictureFlow" */;
			buildPhases = (
				F70959F12AFE191900F0218B /* Sources */,
				F70959F22AFE191900F0218B /* Frameworks */,
				F70959F32AFE191900F0218B /* Resources */,
			);
			buildRules = (
			);
			dependencies = (
			);
			name = PictureFlow;
			packageProductDependencies = (
				F7095A162AFE37B200F0218B /* SnapKit */,
				F7095A2C2AFE3EAC00F0218B /* RxCocoa */,
				F7095A2E2AFE3EAC00F0218B /* RxSwift */,
				F7095A3B2AFF713800F0218B /* IQKeyboardManagerSwift */,
				F7095A442AFF887100F0218B /* Kingfisher */,
				F7095A472AFF887C00F0218B /* Alamofire */,
			);
			productName = PictureFlow;
			productReference = F70959F52AFE191900F0218B /* PictureFlow.app */;
			productType = "com.apple.product-type.application";
		};
/* End PBXNativeTarget section */

/* Begin PBXProject section */
		F70959ED2AFE191900F0218B /* Project object */ = {
			isa = PBXProject;
			attributes = {
				BuildIndependentTargetsInParallel = 1;
				LastSwiftUpdateCheck = 1500;
				LastUpgradeCheck = 1500;
				TargetAttributes = {
					F70959F42AFE191900F0218B = {
						CreatedOnToolsVersion = 15.0.1;
					};
				};
			};
			buildConfigurationList = F70959F02AFE191900F0218B /* Build configuration list for PBXProject "PictureFlow" */;
			compatibilityVersion = "Xcode 14.0";
			developmentRegion = en;
			hasScannedForEncodings = 0;
			knownRegions = (
				en,
				Base,
			);
			mainGroup = F70959EC2AFE191900F0218B;
			packageReferences = (
				F7095A152AFE37B200F0218B /* XCRemoteSwiftPackageReference "SnapKit" */,
				F7095A2B2AFE3EAC00F0218B /* XCRemoteSwiftPackageReference "RxSwift" */,
				F7095A3A2AFF713800F0218B /* XCRemoteSwiftPackageReference "IQKeyboardManager" */,
				F7095A432AFF887100F0218B /* XCRemoteSwiftPackageReference "Kingfisher" */,
				F7095A462AFF887B00F0218B /* XCRemoteSwiftPackageReference "Alamofire" */,
			);
			productRefGroup = F70959F62AFE191900F0218B /* Products */;
			projectDirPath = "";
			projectRoot = "";
			targets = (
				F70959F42AFE191900F0218B /* PictureFlow */,
			);
		};
/* End PBXProject section */

/* Begin PBXResourcesBuildPhase section */
		F70959F32AFE191900F0218B /* Resources */ = {
			isa = PBXResourcesBuildPhase;
			buildActionMask = 2147483647;
			files = (
				F7095A0E2AFE1A0A00F0218B /* .gitignore in Resources */,
				F7095A052AFE191A00F0218B /* LaunchScreen.storyboard in Resources */,
				F7095A022AFE191A00F0218B /* Assets.xcassets in Resources */,
			);
			runOnlyForDeploymentPostprocessing = 0;
		};
/* End PBXResourcesBuildPhase section */

/* Begin PBXSourcesBuildPhase section */
		F70959F12AFE191900F0218B /* Sources */ = {
			isa = PBXSourcesBuildPhase;
			buildActionMask = 2147483647;
			files = (
				F7095A232AFE3CC100F0218B /* SignInViewController.swift in Sources */,
				F7B4094B2B07714F006CD373 /* LikeViewController.swift in Sources */,
				F7095A662B00F82200F0218B /* APIConstants.swift in Sources */,
				F7095A522B00BBA400F0218B /* AuthManager.swift in Sources */,
				F70959FD2AFE191900F0218B /* JoinViewController.swift in Sources */,
				F7095A502B00A47600F0218B /* SignUpViewModel.swift in Sources */,
				F7B4094D2B07715A006CD373 /* ProfileViewController.swift in Sources */,
				F7095A552B00BC3C00F0218B /* UserDefaultsManager.swift in Sources */,
				F7095A602B00C41000F0218B /* KeyChain.swift in Sources */,
				F7095A252AFE3CFC00F0218B /* SignUpViewController.swift in Sources */,
				F7095A372AFE663E00F0218B /* LoginTextField.swift in Sources */,
				F7B409442B076F9D006CD373 /* UITabbarController.swift in Sources */,
				F7095A4C2AFF8A9F00F0218B /* Router.swift in Sources */,
				F7095A882B02340600F0218B /* Extension+Date.swift in Sources */,
				F70959F92AFE191900F0218B /* AppDelegate.swift in Sources */,
				F7B4093B2B0633EB006CD373 /* ErrorResponse.swift in Sources */,
				F7095A102AFE1A6600F0218B /* APIKey.swift in Sources */,
				F7095A2A2AFE3DE600F0218B /* Extension+UIViewController.swift in Sources */,
				F7095A312AFE513A00F0218B /* SignUpView.swift in Sources */,
				F7095A392AFF6FB700F0218B /* Extension+String.swift in Sources */,
				F7095A8B2B0239B000F0218B /* PostListViewController.swift in Sources */,
				F7B409522B078DA8006CD373 /* Post.swift in Sources */,
				F7B409412B075730006CD373 /* UserVerification.swift in Sources */,
				F7095A1A2AFE3B0700F0218B /* JoinButton.swift in Sources */,
				F7095A4A2AFF89A600F0218B /* Network.swift in Sources */,
				F7095A142AFE374D00F0218B /* JoinView.swift in Sources */,
				F7095A332AFE514300F0218B /* SignInView.swift in Sources */,
				F7B409492B077146006CD373 /* PostViewController.swift in Sources */,
				F7095A422AFF7D9600F0218B /* ViewModelType.swift in Sources */,
				F70959FB2AFE191900F0218B /* SceneDelegate.swift in Sources */,
				F7095A352AFE662E00F0218B /* LoginInputView.swift in Sources */,
				F7095A3F2AFF7D4B00F0218B /* SignInViewModel.swift in Sources */,
				F7B409472B07713B006CD373 /* SearchViewController.swift in Sources */,
				F7B409502B078CE2006CD373 /* PostListViewModel.swift in Sources */,
				F7B409542B07958F006CD373 /* PostListView.swift in Sources */,
			);
			runOnlyForDeploymentPostprocessing = 0;
		};
/* End PBXSourcesBuildPhase section */

/* Begin PBXVariantGroup section */
		F7095A032AFE191A00F0218B /* LaunchScreen.storyboard */ = {
			isa = PBXVariantGroup;
			children = (
				F7095A042AFE191A00F0218B /* Base */,
			);
			name = LaunchScreen.storyboard;
			sourceTree = "<group>";
		};
/* End PBXVariantGroup section */

/* Begin XCBuildConfiguration section */
		F7095A072AFE191A00F0218B /* Debug */ = {
			isa = XCBuildConfiguration;
			buildSettings = {
				ALWAYS_SEARCH_USER_PATHS = NO;
				ASSETCATALOG_COMPILER_GENERATE_SWIFT_ASSET_SYMBOL_EXTENSIONS = YES;
				CLANG_ANALYZER_NONNULL = YES;
				CLANG_ANALYZER_NUMBER_OBJECT_CONVERSION = YES_AGGRESSIVE;
				CLANG_CXX_LANGUAGE_STANDARD = "gnu++20";
				CLANG_ENABLE_MODULES = YES;
				CLANG_ENABLE_OBJC_ARC = YES;
				CLANG_ENABLE_OBJC_WEAK = YES;
				CLANG_WARN_BLOCK_CAPTURE_AUTORELEASING = YES;
				CLANG_WARN_BOOL_CONVERSION = YES;
				CLANG_WARN_COMMA = YES;
				CLANG_WARN_CONSTANT_CONVERSION = YES;
				CLANG_WARN_DEPRECATED_OBJC_IMPLEMENTATIONS = YES;
				CLANG_WARN_DIRECT_OBJC_ISA_USAGE = YES_ERROR;
				CLANG_WARN_DOCUMENTATION_COMMENTS = YES;
				CLANG_WARN_EMPTY_BODY = YES;
				CLANG_WARN_ENUM_CONVERSION = YES;
				CLANG_WARN_INFINITE_RECURSION = YES;
				CLANG_WARN_INT_CONVERSION = YES;
				CLANG_WARN_NON_LITERAL_NULL_CONVERSION = YES;
				CLANG_WARN_OBJC_IMPLICIT_RETAIN_SELF = YES;
				CLANG_WARN_OBJC_LITERAL_CONVERSION = YES;
				CLANG_WARN_OBJC_ROOT_CLASS = YES_ERROR;
				CLANG_WARN_QUOTED_INCLUDE_IN_FRAMEWORK_HEADER = YES;
				CLANG_WARN_RANGE_LOOP_ANALYSIS = YES;
				CLANG_WARN_STRICT_PROTOTYPES = YES;
				CLANG_WARN_SUSPICIOUS_MOVE = YES;
				CLANG_WARN_UNGUARDED_AVAILABILITY = YES_AGGRESSIVE;
				CLANG_WARN_UNREACHABLE_CODE = YES;
				CLANG_WARN__DUPLICATE_METHOD_MATCH = YES;
				COPY_PHASE_STRIP = NO;
				DEBUG_INFORMATION_FORMAT = dwarf;
				ENABLE_STRICT_OBJC_MSGSEND = YES;
				ENABLE_TESTABILITY = YES;
				ENABLE_USER_SCRIPT_SANDBOXING = YES;
				GCC_C_LANGUAGE_STANDARD = gnu17;
				GCC_DYNAMIC_NO_PIC = NO;
				GCC_NO_COMMON_BLOCKS = YES;
				GCC_OPTIMIZATION_LEVEL = 0;
				GCC_PREPROCESSOR_DEFINITIONS = (
					"DEBUG=1",
					"$(inherited)",
				);
				GCC_WARN_64_TO_32_BIT_CONVERSION = YES;
				GCC_WARN_ABOUT_RETURN_TYPE = YES_ERROR;
				GCC_WARN_UNDECLARED_SELECTOR = YES;
				GCC_WARN_UNINITIALIZED_AUTOS = YES_AGGRESSIVE;
				GCC_WARN_UNUSED_FUNCTION = YES;
				GCC_WARN_UNUSED_VARIABLE = YES;
				IPHONEOS_DEPLOYMENT_TARGET = 17.0;
				LOCALIZATION_PREFERS_STRING_CATALOGS = YES;
				MTL_ENABLE_DEBUG_INFO = INCLUDE_SOURCE;
				MTL_FAST_MATH = YES;
				ONLY_ACTIVE_ARCH = YES;
				SDKROOT = iphoneos;
				SWIFT_ACTIVE_COMPILATION_CONDITIONS = "DEBUG $(inherited)";
				SWIFT_OPTIMIZATION_LEVEL = "-Onone";
			};
			name = Debug;
		};
		F7095A082AFE191A00F0218B /* Release */ = {
			isa = XCBuildConfiguration;
			buildSettings = {
				ALWAYS_SEARCH_USER_PATHS = NO;
				ASSETCATALOG_COMPILER_GENERATE_SWIFT_ASSET_SYMBOL_EXTENSIONS = YES;
				CLANG_ANALYZER_NONNULL = YES;
				CLANG_ANALYZER_NUMBER_OBJECT_CONVERSION = YES_AGGRESSIVE;
				CLANG_CXX_LANGUAGE_STANDARD = "gnu++20";
				CLANG_ENABLE_MODULES = YES;
				CLANG_ENABLE_OBJC_ARC = YES;
				CLANG_ENABLE_OBJC_WEAK = YES;
				CLANG_WARN_BLOCK_CAPTURE_AUTORELEASING = YES;
				CLANG_WARN_BOOL_CONVERSION = YES;
				CLANG_WARN_COMMA = YES;
				CLANG_WARN_CONSTANT_CONVERSION = YES;
				CLANG_WARN_DEPRECATED_OBJC_IMPLEMENTATIONS = YES;
				CLANG_WARN_DIRECT_OBJC_ISA_USAGE = YES_ERROR;
				CLANG_WARN_DOCUMENTATION_COMMENTS = YES;
				CLANG_WARN_EMPTY_BODY = YES;
				CLANG_WARN_ENUM_CONVERSION = YES;
				CLANG_WARN_INFINITE_RECURSION = YES;
				CLANG_WARN_INT_CONVERSION = YES;
				CLANG_WARN_NON_LITERAL_NULL_CONVERSION = YES;
				CLANG_WARN_OBJC_IMPLICIT_RETAIN_SELF = YES;
				CLANG_WARN_OBJC_LITERAL_CONVERSION = YES;
				CLANG_WARN_OBJC_ROOT_CLASS = YES_ERROR;
				CLANG_WARN_QUOTED_INCLUDE_IN_FRAMEWORK_HEADER = YES;
				CLANG_WARN_RANGE_LOOP_ANALYSIS = YES;
				CLANG_WARN_STRICT_PROTOTYPES = YES;
				CLANG_WARN_SUSPICIOUS_MOVE = YES;
				CLANG_WARN_UNGUARDED_AVAILABILITY = YES_AGGRESSIVE;
				CLANG_WARN_UNREACHABLE_CODE = YES;
				CLANG_WARN__DUPLICATE_METHOD_MATCH = YES;
				COPY_PHASE_STRIP = NO;
				DEBUG_INFORMATION_FORMAT = "dwarf-with-dsym";
				ENABLE_NS_ASSERTIONS = NO;
				ENABLE_STRICT_OBJC_MSGSEND = YES;
				ENABLE_USER_SCRIPT_SANDBOXING = YES;
				GCC_C_LANGUAGE_STANDARD = gnu17;
				GCC_NO_COMMON_BLOCKS = YES;
				GCC_WARN_64_TO_32_BIT_CONVERSION = YES;
				GCC_WARN_ABOUT_RETURN_TYPE = YES_ERROR;
				GCC_WARN_UNDECLARED_SELECTOR = YES;
				GCC_WARN_UNINITIALIZED_AUTOS = YES_AGGRESSIVE;
				GCC_WARN_UNUSED_FUNCTION = YES;
				GCC_WARN_UNUSED_VARIABLE = YES;
				IPHONEOS_DEPLOYMENT_TARGET = 17.0;
				LOCALIZATION_PREFERS_STRING_CATALOGS = YES;
				MTL_ENABLE_DEBUG_INFO = NO;
				MTL_FAST_MATH = YES;
				SDKROOT = iphoneos;
				SWIFT_COMPILATION_MODE = wholemodule;
				VALIDATE_PRODUCT = YES;
			};
			name = Release;
		};
		F7095A0A2AFE191A00F0218B /* Debug */ = {
			isa = XCBuildConfiguration;
			buildSettings = {
				ASSETCATALOG_COMPILER_APPICON_NAME = AppIcon;
				ASSETCATALOG_COMPILER_GLOBAL_ACCENT_COLOR_NAME = AccentColor;
				CODE_SIGN_STYLE = Automatic;
				CURRENT_PROJECT_VERSION = 1;
				DEVELOPMENT_TEAM = 2K3Y93YF8Z;
				GENERATE_INFOPLIST_FILE = YES;
				INFOPLIST_FILE = PictureFlow/Info.plist;
				INFOPLIST_KEY_UIApplicationSupportsIndirectInputEvents = YES;
				INFOPLIST_KEY_UILaunchStoryboardName = LaunchScreen;
				INFOPLIST_KEY_UIMainStoryboardFile = "";
				INFOPLIST_KEY_UIStatusBarStyle = "";
				INFOPLIST_KEY_UISupportedInterfaceOrientations = UIInterfaceOrientationPortrait;
				INFOPLIST_KEY_UISupportedInterfaceOrientations_iPad = "UIInterfaceOrientationLandscapeLeft UIInterfaceOrientationLandscapeRight UIInterfaceOrientationPortrait UIInterfaceOrientationPortraitUpsideDown";
				IPHONEOS_DEPLOYMENT_TARGET = 16.0;
				LD_RUNPATH_SEARCH_PATHS = (
					"$(inherited)",
					"@executable_path/Frameworks",
				);
				MARKETING_VERSION = 1.0;
				PRODUCT_BUNDLE_IDENTIFIER = com.hans.PictureFlow;
				PRODUCT_NAME = "$(TARGET_NAME)";
				SUPPORTED_PLATFORMS = "iphoneos iphonesimulator";
				SUPPORTS_MACCATALYST = NO;
				SUPPORTS_MAC_DESIGNED_FOR_IPHONE_IPAD = NO;
				SWIFT_EMIT_LOC_STRINGS = YES;
				SWIFT_VERSION = 5.0;
				TARGETED_DEVICE_FAMILY = 1;
			};
			name = Debug;
		};
		F7095A0B2AFE191A00F0218B /* Release */ = {
			isa = XCBuildConfiguration;
			buildSettings = {
				ASSETCATALOG_COMPILER_APPICON_NAME = AppIcon;
				ASSETCATALOG_COMPILER_GLOBAL_ACCENT_COLOR_NAME = AccentColor;
				CODE_SIGN_STYLE = Automatic;
				CURRENT_PROJECT_VERSION = 1;
				DEVELOPMENT_TEAM = 2K3Y93YF8Z;
				GENERATE_INFOPLIST_FILE = YES;
				INFOPLIST_FILE = PictureFlow/Info.plist;
				INFOPLIST_KEY_UIApplicationSupportsIndirectInputEvents = YES;
				INFOPLIST_KEY_UILaunchStoryboardName = LaunchScreen;
				INFOPLIST_KEY_UIMainStoryboardFile = "";
				INFOPLIST_KEY_UIStatusBarStyle = "";
				INFOPLIST_KEY_UISupportedInterfaceOrientations = UIInterfaceOrientationPortrait;
				INFOPLIST_KEY_UISupportedInterfaceOrientations_iPad = "UIInterfaceOrientationLandscapeLeft UIInterfaceOrientationLandscapeRight UIInterfaceOrientationPortrait UIInterfaceOrientationPortraitUpsideDown";
				IPHONEOS_DEPLOYMENT_TARGET = 16.0;
				LD_RUNPATH_SEARCH_PATHS = (
					"$(inherited)",
					"@executable_path/Frameworks",
				);
				MARKETING_VERSION = 1.0;
				PRODUCT_BUNDLE_IDENTIFIER = com.hans.PictureFlow;
				PRODUCT_NAME = "$(TARGET_NAME)";
				SUPPORTED_PLATFORMS = "iphoneos iphonesimulator";
				SUPPORTS_MACCATALYST = NO;
				SUPPORTS_MAC_DESIGNED_FOR_IPHONE_IPAD = NO;
				SWIFT_EMIT_LOC_STRINGS = YES;
				SWIFT_VERSION = 5.0;
				TARGETED_DEVICE_FAMILY = 1;
			};
			name = Release;
		};
/* End XCBuildConfiguration section */

/* Begin XCConfigurationList section */
		F70959F02AFE191900F0218B /* Build configuration list for PBXProject "PictureFlow" */ = {
			isa = XCConfigurationList;
			buildConfigurations = (
				F7095A072AFE191A00F0218B /* Debug */,
				F7095A082AFE191A00F0218B /* Release */,
			);
			defaultConfigurationIsVisible = 0;
			defaultConfigurationName = Release;
		};
		F7095A092AFE191A00F0218B /* Build configuration list for PBXNativeTarget "PictureFlow" */ = {
			isa = XCConfigurationList;
			buildConfigurations = (
				F7095A0A2AFE191A00F0218B /* Debug */,
				F7095A0B2AFE191A00F0218B /* Release */,
			);
			defaultConfigurationIsVisible = 0;
			defaultConfigurationName = Release;
		};
/* End XCConfigurationList section */

/* Begin XCRemoteSwiftPackageReference section */
		F7095A152AFE37B200F0218B /* XCRemoteSwiftPackageReference "SnapKit" */ = {
			isa = XCRemoteSwiftPackageReference;
			repositoryURL = "https://github.com/SnapKit/SnapKit.git";
			requirement = {
				kind = upToNextMajorVersion;
				minimumVersion = 5.6.0;
			};
		};
		F7095A2B2AFE3EAC00F0218B /* XCRemoteSwiftPackageReference "RxSwift" */ = {
			isa = XCRemoteSwiftPackageReference;
			repositoryURL = "https://github.com/ReactiveX/RxSwift.git";
			requirement = {
				kind = upToNextMajorVersion;
				minimumVersion = 6.6.0;
			};
		};
		F7095A3A2AFF713800F0218B /* XCRemoteSwiftPackageReference "IQKeyboardManager" */ = {
			isa = XCRemoteSwiftPackageReference;
			repositoryURL = "https://github.com/hackiftekhar/IQKeyboardManager.git";
			requirement = {
				kind = upToNextMajorVersion;
				minimumVersion = 6.5.16;
			};
		};
		F7095A432AFF887100F0218B /* XCRemoteSwiftPackageReference "Kingfisher" */ = {
			isa = XCRemoteSwiftPackageReference;
			repositoryURL = "https://github.com/onevcat/Kingfisher.git";
			requirement = {
				kind = upToNextMajorVersion;
				minimumVersion = 7.10.0;
			};
		};
		F7095A462AFF887B00F0218B /* XCRemoteSwiftPackageReference "Alamofire" */ = {
			isa = XCRemoteSwiftPackageReference;
			repositoryURL = "https://github.com/Alamofire/Alamofire.git";
			requirement = {
				kind = upToNextMajorVersion;
				minimumVersion = 5.8.1;
			};
		};
/* End XCRemoteSwiftPackageReference section */

/* Begin XCSwiftPackageProductDependency section */
		F7095A162AFE37B200F0218B /* SnapKit */ = {
			isa = XCSwiftPackageProductDependency;
			package = F7095A152AFE37B200F0218B /* XCRemoteSwiftPackageReference "SnapKit" */;
			productName = SnapKit;
		};
		F7095A2C2AFE3EAC00F0218B /* RxCocoa */ = {
			isa = XCSwiftPackageProductDependency;
			package = F7095A2B2AFE3EAC00F0218B /* XCRemoteSwiftPackageReference "RxSwift" */;
			productName = RxCocoa;
		};
		F7095A2E2AFE3EAC00F0218B /* RxSwift */ = {
			isa = XCSwiftPackageProductDependency;
			package = F7095A2B2AFE3EAC00F0218B /* XCRemoteSwiftPackageReference "RxSwift" */;
			productName = RxSwift;
		};
		F7095A3B2AFF713800F0218B /* IQKeyboardManagerSwift */ = {
			isa = XCSwiftPackageProductDependency;
			package = F7095A3A2AFF713800F0218B /* XCRemoteSwiftPackageReference "IQKeyboardManager" */;
			productName = IQKeyboardManagerSwift;
		};
		F7095A442AFF887100F0218B /* Kingfisher */ = {
			isa = XCSwiftPackageProductDependency;
			package = F7095A432AFF887100F0218B /* XCRemoteSwiftPackageReference "Kingfisher" */;
			productName = Kingfisher;
		};
		F7095A472AFF887C00F0218B /* Alamofire */ = {
			isa = XCSwiftPackageProductDependency;
			package = F7095A462AFF887B00F0218B /* XCRemoteSwiftPackageReference "Alamofire" */;
			productName = Alamofire;
		};
/* End XCSwiftPackageProductDependency section */
	};
	rootObject = F70959ED2AFE191900F0218B /* Project object */;
}
